
Microsoft Visual Studio Solution File, Format Version 12.00
# Visual Studio Version 17
VisualStudioVersion = 17.11.35431.28
MinimumVisualStudioVersion = 10.0.40219.1
Project("{FAE04EC0-301F-11D3-BF4B-00C04F79EFBC}") = "MinFlips220241115", "MinFlips220241115.csproj", "{ED2734D8-7CEB-4F68-9F13-196187FAC418}"
EndProject
Global
	GlobalSection(SolutionConfigurationPlatforms) = preSolution
		Debug|Any CPU = Debug|Any CPU
		Release|Any CPU = Release|Any CPU
	EndGlobalSection
	GlobalSection(ProjectConfigurationPlatforms) = postSolution
		{ED2734D8-7CEB-4F68-9F13-196187FAC418}.Debug|Any CPU.ActiveCfg = Debug|Any CPU
		{ED2734D8-7CEB-4F68-9F13-196187FAC418}.Debug|Any CPU.Build.0 = Debug|Any CPU
		{ED2734D8-7CEB-4F68-9F13-196187FAC418}.Release|Any CPU.ActiveCfg = Release|Any CPU
		{ED2734D8-7CEB-4F68-9F13-196187FAC418}.Release|Any CPU.Build.0 = Release|Any CPU
	EndGlobalSection
	GlobalSection(SolutionProperties) = preSolution
		HideSolutionNode = FALSE
	EndGlobalSection
	GlobalSection(ExtensibilityGlobals) = postSolution
		SolutionGuid = {DE16B044-EDD0-4D05-85BD-96395DE4FAF3}
	EndGlobalSection
EndGlobal
