
Microsoft Visual Studio Solution File, Format Version 12.00
# Visual Studio Version 17
VisualStudioVersion = 17.9.34902.65
MinimumVisualStudioVersion = 10.0.40219.1
Project("{FAE04EC0-301F-11D3-BF4B-00C04F79EFBC}") = "MaxProfitAssignment", "MaxProfitAssignment.csproj", "{777B82D8-4E55-4ED7-A9AF-F9BD25116C25}"
EndProject
Global
	GlobalSection(SolutionConfigurationPlatforms) = preSolution
		Debug|Any CPU = Debug|Any CPU
		Release|Any CPU = Release|Any CPU
	EndGlobalSection
	GlobalSection(ProjectConfigurationPlatforms) = postSolution
		{777B82D8-4E55-4ED7-A9AF-F9BD25116C25}.Debug|Any CPU.ActiveCfg = Debug|Any CPU
		{777B82D8-4E55-4ED7-A9AF-F9BD25116C25}.Debug|Any CPU.Build.0 = Debug|Any CPU
		{777B82D8-4E55-4ED7-A9AF-F9BD25116C25}.Release|Any CPU.ActiveCfg = Release|Any CPU
		{777B82D8-4E55-4ED7-A9AF-F9BD25116C25}.Release|Any CPU.Build.0 = Release|Any CPU
	EndGlobalSection
	GlobalSection(SolutionProperties) = preSolution
		HideSolutionNode = FALSE
	EndGlobalSection
	GlobalSection(ExtensibilityGlobals) = postSolution
		SolutionGuid = {A25B6607-5323-4E40-A122-37130B2BCA3F}
	EndGlobalSection
EndGlobal
