
Microsoft Visual Studio Solution File, Format Version 12.00
# Visual Studio Version 17
VisualStudioVersion = 17.2.32616.157
MinimumVisualStudioVersion = 10.0.40219.1
Project("{FAE04EC0-301F-11D3-BF4B-00C04F79EFBC}") = "CherryPickup", "CherryPickup\CherryPickup.csproj", "{7C6CC98F-E8BC-45BE-8B59-7F99C544157B}"
EndProject
Global
	GlobalSection(SolutionConfigurationPlatforms) = preSolution
		Debug|Any CPU = Debug|Any CPU
		Release|Any CPU = Release|Any CPU
	EndGlobalSection
	GlobalSection(ProjectConfigurationPlatforms) = postSolution
		{7C6CC98F-E8BC-45BE-8B59-7F99C544157B}.Debug|Any CPU.ActiveCfg = Debug|Any CPU
		{7C6CC98F-E8BC-45BE-8B59-7F99C544157B}.Debug|Any CPU.Build.0 = Debug|Any CPU
		{7C6CC98F-E8BC-45BE-8B59-7F99C544157B}.Release|Any CPU.ActiveCfg = Release|Any CPU
		{7C6CC98F-E8BC-45BE-8B59-7F99C544157B}.Release|Any CPU.Build.0 = Release|Any CPU
	EndGlobalSection
	GlobalSection(SolutionProperties) = preSolution
		HideSolutionNode = FALSE
	EndGlobalSection
	GlobalSection(ExtensibilityGlobals) = postSolution
		SolutionGuid = {DA005F3D-ED97-41C2-847B-582FDE56B20D}
	EndGlobalSection
EndGlobal
