
Microsoft Visual Studio Solution File, Format Version 12.00
# Visual Studio Version 17
VisualStudioVersion = 17.7.33906.173
MinimumVisualStudioVersion = 10.0.40219.1
Project("{FAE04EC0-301F-11D3-BF4B-00C04F79EFBC}") = "DistributeCoins", "DistributeCoins.csproj", "{527B05DC-26C6-4DB7-B402-77DA95F174B4}"
EndProject
Global
	GlobalSection(SolutionConfigurationPlatforms) = preSolution
		Debug|Any CPU = Debug|Any CPU
		Release|Any CPU = Release|Any CPU
	EndGlobalSection
	GlobalSection(ProjectConfigurationPlatforms) = postSolution
		{527B05DC-26C6-4DB7-B402-77DA95F174B4}.Debug|Any CPU.ActiveCfg = Debug|Any CPU
		{527B05DC-26C6-4DB7-B402-77DA95F174B4}.Debug|Any CPU.Build.0 = Debug|Any CPU
		{527B05DC-26C6-4DB7-B402-77DA95F174B4}.Release|Any CPU.ActiveCfg = Release|Any CPU
		{527B05DC-26C6-4DB7-B402-77DA95F174B4}.Release|Any CPU.Build.0 = Release|Any CPU
	EndGlobalSection
	GlobalSection(SolutionProperties) = preSolution
		HideSolutionNode = FALSE
	EndGlobalSection
	GlobalSection(ExtensibilityGlobals) = postSolution
		SolutionGuid = {462EC821-676A-4B9B-BD7D-C9B137AAD82F}
	EndGlobalSection
EndGlobal
