
Microsoft Visual Studio Solution File, Format Version 12.00
# Visual Studio Version 17
VisualStudioVersion = 17.7.33808.371
MinimumVisualStudioVersion = 10.0.40219.1
Project("{FAE04EC0-301F-11D3-BF4B-00C04F79EFBC}") = "IsToeplitzMatrix", "IsToeplitzMatrix.csproj", "{82ABFC51-5128-40B7-98D4-CCF741A51179}"
EndProject
Global
	GlobalSection(SolutionConfigurationPlatforms) = preSolution
		Debug|Any CPU = Debug|Any CPU
		Release|Any CPU = Release|Any CPU
	EndGlobalSection
	GlobalSection(ProjectConfigurationPlatforms) = postSolution
		{82ABFC51-5128-40B7-98D4-CCF741A51179}.Debug|Any CPU.ActiveCfg = Debug|Any CPU
		{82ABFC51-5128-40B7-98D4-CCF741A51179}.Debug|Any CPU.Build.0 = Debug|Any CPU
		{82ABFC51-5128-40B7-98D4-CCF741A51179}.Release|Any CPU.ActiveCfg = Release|Any CPU
		{82ABFC51-5128-40B7-98D4-CCF741A51179}.Release|Any CPU.Build.0 = Release|Any CPU
	EndGlobalSection
	GlobalSection(SolutionProperties) = preSolution
		HideSolutionNode = FALSE
	EndGlobalSection
	GlobalSection(ExtensibilityGlobals) = postSolution
		SolutionGuid = {DC55BFB1-085F-4212-98CA-09E96F46EFD4}
	EndGlobalSection
EndGlobal
