
Microsoft Visual Studio Solution File, Format Version 12.00
# Visual Studio Version 17
VisualStudioVersion = 17.5.33209.295
MinimumVisualStudioVersion = 10.0.40219.1
Project("{FAE04EC0-301F-11D3-BF4B-00C04F79EFBC}") = "TwoOutOfThree", "TwoOutOfThree.csproj", "{F2966C7F-6CF4-4730-A0C6-986A2A2B1FE0}"
EndProject
Global
	GlobalSection(SolutionConfigurationPlatforms) = preSolution
		Debug|Any CPU = Debug|Any CPU
		Release|Any CPU = Release|Any CPU
	EndGlobalSection
	GlobalSection(ProjectConfigurationPlatforms) = postSolution
		{F2966C7F-6CF4-4730-A0C6-986A2A2B1FE0}.Debug|Any CPU.ActiveCfg = Debug|Any CPU
		{F2966C7F-6CF4-4730-A0C6-986A2A2B1FE0}.Debug|Any CPU.Build.0 = Debug|Any CPU
		{F2966C7F-6CF4-4730-A0C6-986A2A2B1FE0}.Release|Any CPU.ActiveCfg = Release|Any CPU
		{F2966C7F-6CF4-4730-A0C6-986A2A2B1FE0}.Release|Any CPU.Build.0 = Release|Any CPU
	EndGlobalSection
	GlobalSection(SolutionProperties) = preSolution
		HideSolutionNode = FALSE
	EndGlobalSection
	GlobalSection(ExtensibilityGlobals) = postSolution
		SolutionGuid = {7B5CFE50-2666-46AB-9A0C-1AFCE0A273AA}
	EndGlobalSection
EndGlobal
