
Microsoft Visual Studio Solution File, Format Version 12.00
# Visual Studio Version 17
VisualStudioVersion = 17.8.34525.116
MinimumVisualStudioVersion = 10.0.40219.1
Project("{FAE04EC0-301F-11D3-BF4B-00C04F79EFBC}") = "StoneGameVI", "StoneGameVI.csproj", "{223EF8C1-3C34-4CDE-8766-EBDD61B9BF76}"
EndProject
Global
	GlobalSection(SolutionConfigurationPlatforms) = preSolution
		Debug|Any CPU = Debug|Any CPU
		Release|Any CPU = Release|Any CPU
	EndGlobalSection
	GlobalSection(ProjectConfigurationPlatforms) = postSolution
		{223EF8C1-3C34-4CDE-8766-EBDD61B9BF76}.Debug|Any CPU.ActiveCfg = Debug|Any CPU
		{223EF8C1-3C34-4CDE-8766-EBDD61B9BF76}.Debug|Any CPU.Build.0 = Debug|Any CPU
		{223EF8C1-3C34-4CDE-8766-EBDD61B9BF76}.Release|Any CPU.ActiveCfg = Release|Any CPU
		{223EF8C1-3C34-4CDE-8766-EBDD61B9BF76}.Release|Any CPU.Build.0 = Release|Any CPU
	EndGlobalSection
	GlobalSection(SolutionProperties) = preSolution
		HideSolutionNode = FALSE
	EndGlobalSection
	GlobalSection(ExtensibilityGlobals) = postSolution
		SolutionGuid = {2B13B1D8-6975-467F-B0E3-1BFC83D2C6C5}
	EndGlobalSection
EndGlobal
