
Microsoft Visual Studio Solution File, Format Version 12.00
# Visual Studio Version 17
VisualStudioVersion = 17.2.32616.157
MinimumVisualStudioVersion = 10.0.40219.1
Project("{FAE04EC0-301F-11D3-BF4B-00C04F79EFBC}") = "MinRefuelStops", "MinRefuelStops\MinRefuelStops.csproj", "{7756DD9B-7F28-4D2D-AAC1-274FA81D0373}"
EndProject
Global
	GlobalSection(SolutionConfigurationPlatforms) = preSolution
		Debug|Any CPU = Debug|Any CPU
		Release|Any CPU = Release|Any CPU
	EndGlobalSection
	GlobalSection(ProjectConfigurationPlatforms) = postSolution
		{7756DD9B-7F28-4D2D-AAC1-274FA81D0373}.Debug|Any CPU.ActiveCfg = Debug|Any CPU
		{7756DD9B-7F28-4D2D-AAC1-274FA81D0373}.Debug|Any CPU.Build.0 = Debug|Any CPU
		{7756DD9B-7F28-4D2D-AAC1-274FA81D0373}.Release|Any CPU.ActiveCfg = Release|Any CPU
		{7756DD9B-7F28-4D2D-AAC1-274FA81D0373}.Release|Any CPU.Build.0 = Release|Any CPU
	EndGlobalSection
	GlobalSection(SolutionProperties) = preSolution
		HideSolutionNode = FALSE
	EndGlobalSection
	GlobalSection(ExtensibilityGlobals) = postSolution
		SolutionGuid = {2D58BB50-54CD-4D78-8269-F99A95734C42}
	EndGlobalSection
EndGlobal
