
Microsoft Visual Studio Solution File, Format Version 12.00
# Visual Studio Version 17
VisualStudioVersion = 17.5.33209.295
MinimumVisualStudioVersion = 10.0.40219.1
Project("{FAE04EC0-301F-11D3-BF4B-00C04F79EFBC}") = "MinOperations6", "MinOperations6.csproj", "{00ACB8DD-F552-4E43-9DC2-06AB3D9695FB}"
EndProject
Global
	GlobalSection(SolutionConfigurationPlatforms) = preSolution
		Debug|Any CPU = Debug|Any CPU
		Release|Any CPU = Release|Any CPU
	EndGlobalSection
	GlobalSection(ProjectConfigurationPlatforms) = postSolution
		{00ACB8DD-F552-4E43-9DC2-06AB3D9695FB}.Debug|Any CPU.ActiveCfg = Debug|Any CPU
		{00ACB8DD-F552-4E43-9DC2-06AB3D9695FB}.Debug|Any CPU.Build.0 = Debug|Any CPU
		{00ACB8DD-F552-4E43-9DC2-06AB3D9695FB}.Release|Any CPU.ActiveCfg = Release|Any CPU
		{00ACB8DD-F552-4E43-9DC2-06AB3D9695FB}.Release|Any CPU.Build.0 = Release|Any CPU
	EndGlobalSection
	GlobalSection(SolutionProperties) = preSolution
		HideSolutionNode = FALSE
	EndGlobalSection
	GlobalSection(ExtensibilityGlobals) = postSolution
		SolutionGuid = {42E50542-BDDF-4297-BDD9-66DA34B08F70}
	EndGlobalSection
EndGlobal
