
Microsoft Visual Studio Solution File, Format Version 12.00
# Visual Studio Version 17
VisualStudioVersion = 17.4.33027.239
MinimumVisualStudioVersion = 10.0.40219.1
Project("{FAE04EC0-301F-11D3-BF4B-00C04F79EFBC}") = "AmbiguousCoordinates", "AmbiguousCoordinates\AmbiguousCoordinates.csproj", "{BCBC3EBC-D0B6-4858-9C78-7F899829CB1F}"
EndProject
Global
	GlobalSection(SolutionConfigurationPlatforms) = preSolution
		Debug|Any CPU = Debug|Any CPU
		Release|Any CPU = Release|Any CPU
	EndGlobalSection
	GlobalSection(ProjectConfigurationPlatforms) = postSolution
		{BCBC3EBC-D0B6-4858-9C78-7F899829CB1F}.Debug|Any CPU.ActiveCfg = Debug|Any CPU
		{BCBC3EBC-D0B6-4858-9C78-7F899829CB1F}.Debug|Any CPU.Build.0 = Debug|Any CPU
		{BCBC3EBC-D0B6-4858-9C78-7F899829CB1F}.Release|Any CPU.ActiveCfg = Release|Any CPU
		{BCBC3EBC-D0B6-4858-9C78-7F899829CB1F}.Release|Any CPU.Build.0 = Release|Any CPU
	EndGlobalSection
	GlobalSection(SolutionProperties) = preSolution
		HideSolutionNode = FALSE
	EndGlobalSection
	GlobalSection(ExtensibilityGlobals) = postSolution
		SolutionGuid = {A1D6C612-A589-4E3F-A31F-EB3F004EF849}
	EndGlobalSection
EndGlobal
