
Microsoft Visual Studio Solution File, Format Version 12.00
# Visual Studio Version 17
VisualStudioVersion = 17.4.32804.182
MinimumVisualStudioVersion = 10.0.40219.1
Project("{FAE04EC0-301F-11D3-BF4B-00C04F79EFBC}") = "MaximumSwap", "MaximumSwap\MaximumSwap.csproj", "{35C49FFD-C08B-42A8-8599-D607CCE32E50}"
EndProject
Global
	GlobalSection(SolutionConfigurationPlatforms) = preSolution
		Debug|Any CPU = Debug|Any CPU
		Release|Any CPU = Release|Any CPU
	EndGlobalSection
	GlobalSection(ProjectConfigurationPlatforms) = postSolution
		{35C49FFD-C08B-42A8-8599-D607CCE32E50}.Debug|Any CPU.ActiveCfg = Debug|Any CPU
		{35C49FFD-C08B-42A8-8599-D607CCE32E50}.Debug|Any CPU.Build.0 = Debug|Any CPU
		{35C49FFD-C08B-42A8-8599-D607CCE32E50}.Release|Any CPU.ActiveCfg = Release|Any CPU
		{35C49FFD-C08B-42A8-8599-D607CCE32E50}.Release|Any CPU.Build.0 = Release|Any CPU
	EndGlobalSection
	GlobalSection(SolutionProperties) = preSolution
		HideSolutionNode = FALSE
	EndGlobalSection
	GlobalSection(ExtensibilityGlobals) = postSolution
		SolutionGuid = {3BBB0D36-1086-4BE2-BACC-1C4BB3024F5D}
	EndGlobalSection
EndGlobal
