
Microsoft Visual Studio Solution File, Format Version 12.00
# Visual Studio Version 17
VisualStudioVersion = 17.5.33402.96
MinimumVisualStudioVersion = 10.0.40219.1
Project("{FAE04EC0-301F-11D3-BF4B-00C04F79EFBC}") = "Largest1BorderedSquare", "Largest1BorderedSquare.csproj", "{DFE5E91C-F824-4ED4-84C7-28D913CFA2E7}"
EndProject
Global
	GlobalSection(SolutionConfigurationPlatforms) = preSolution
		Debug|Any CPU = Debug|Any CPU
		Release|Any CPU = Release|Any CPU
	EndGlobalSection
	GlobalSection(ProjectConfigurationPlatforms) = postSolution
		{DFE5E91C-F824-4ED4-84C7-28D913CFA2E7}.Debug|Any CPU.ActiveCfg = Debug|Any CPU
		{DFE5E91C-F824-4ED4-84C7-28D913CFA2E7}.Debug|Any CPU.Build.0 = Debug|Any CPU
		{DFE5E91C-F824-4ED4-84C7-28D913CFA2E7}.Release|Any CPU.ActiveCfg = Release|Any CPU
		{DFE5E91C-F824-4ED4-84C7-28D913CFA2E7}.Release|Any CPU.Build.0 = Release|Any CPU
	EndGlobalSection
	GlobalSection(SolutionProperties) = preSolution
		HideSolutionNode = FALSE
	EndGlobalSection
	GlobalSection(ExtensibilityGlobals) = postSolution
		SolutionGuid = {52D1700C-CDD3-47D4-9044-EB39FED3D221}
	EndGlobalSection
EndGlobal
