
Microsoft Visual Studio Solution File, Format Version 12.00
# Visual Studio Version 17
VisualStudioVersion = 17.11.35431.28
MinimumVisualStudioVersion = 10.0.40219.1
Project("{FAE04EC0-301F-11D3-BF4B-00C04F79EFBC}") = "MinFlips20241115", "MinFlips20241115.csproj", "{DC57AAA2-AD3C-4DB5-9DF1-B0CB099DFDEE}"
EndProject
Global
	GlobalSection(SolutionConfigurationPlatforms) = preSolution
		Debug|Any CPU = Debug|Any CPU
		Release|Any CPU = Release|Any CPU
	EndGlobalSection
	GlobalSection(ProjectConfigurationPlatforms) = postSolution
		{DC57AAA2-AD3C-4DB5-9DF1-B0CB099DFDEE}.Debug|Any CPU.ActiveCfg = Debug|Any CPU
		{DC57AAA2-AD3C-4DB5-9DF1-B0CB099DFDEE}.Debug|Any CPU.Build.0 = Debug|Any CPU
		{DC57AAA2-AD3C-4DB5-9DF1-B0CB099DFDEE}.Release|Any CPU.ActiveCfg = Release|Any CPU
		{DC57AAA2-AD3C-4DB5-9DF1-B0CB099DFDEE}.Release|Any CPU.Build.0 = Release|Any CPU
	EndGlobalSection
	GlobalSection(SolutionProperties) = preSolution
		HideSolutionNode = FALSE
	EndGlobalSection
	GlobalSection(ExtensibilityGlobals) = postSolution
		SolutionGuid = {890398C8-22A7-43D2-953A-8523BE54CC8A}
	EndGlobalSection
EndGlobal
