
Microsoft Visual Studio Solution File, Format Version 12.00
# Visual Studio Version 17
VisualStudioVersion = 17.4.33015.44
MinimumVisualStudioVersion = 10.0.40219.1
Project("{FAE04EC0-301F-11D3-BF4B-00C04F79EFBC}") = "PartitionDisjoint", "PartitionDisjoint\PartitionDisjoint.csproj", "{B89E040F-EBC8-40D8-AAA2-FB1B1D726F8B}"
EndProject
Global
	GlobalSection(SolutionConfigurationPlatforms) = preSolution
		Debug|Any CPU = Debug|Any CPU
		Release|Any CPU = Release|Any CPU
	EndGlobalSection
	GlobalSection(ProjectConfigurationPlatforms) = postSolution
		{B89E040F-EBC8-40D8-AAA2-FB1B1D726F8B}.Debug|Any CPU.ActiveCfg = Debug|Any CPU
		{B89E040F-EBC8-40D8-AAA2-FB1B1D726F8B}.Debug|Any CPU.Build.0 = Debug|Any CPU
		{B89E040F-EBC8-40D8-AAA2-FB1B1D726F8B}.Release|Any CPU.ActiveCfg = Release|Any CPU
		{B89E040F-EBC8-40D8-AAA2-FB1B1D726F8B}.Release|Any CPU.Build.0 = Release|Any CPU
	EndGlobalSection
	GlobalSection(SolutionProperties) = preSolution
		HideSolutionNode = FALSE
	EndGlobalSection
	GlobalSection(ExtensibilityGlobals) = postSolution
		SolutionGuid = {2933E4C9-EE1C-410C-A895-DD9CB2040FF4}
	EndGlobalSection
EndGlobal
