
Microsoft Visual Studio Solution File, Format Version 12.00
# Visual Studio Version 17
VisualStudioVersion = 17.5.33103.201
MinimumVisualStudioVersion = 10.0.40219.1
Project("{FAE04EC0-301F-11D3-BF4B-00C04F79EFBC}") = "ExpressiveWords", "ExpressiveWords.csproj", "{060F8769-0FB7-40A6-9180-F7FF4B6221EF}"
EndProject
Global
	GlobalSection(SolutionConfigurationPlatforms) = preSolution
		Debug|Any CPU = Debug|Any CPU
		Release|Any CPU = Release|Any CPU
	EndGlobalSection
	GlobalSection(ProjectConfigurationPlatforms) = postSolution
		{060F8769-0FB7-40A6-9180-F7FF4B6221EF}.Debug|Any CPU.ActiveCfg = Debug|Any CPU
		{060F8769-0FB7-40A6-9180-F7FF4B6221EF}.Debug|Any CPU.Build.0 = Debug|Any CPU
		{060F8769-0FB7-40A6-9180-F7FF4B6221EF}.Release|Any CPU.ActiveCfg = Release|Any CPU
		{060F8769-0FB7-40A6-9180-F7FF4B6221EF}.Release|Any CPU.Build.0 = Release|Any CPU
	EndGlobalSection
	GlobalSection(SolutionProperties) = preSolution
		HideSolutionNode = FALSE
	EndGlobalSection
	GlobalSection(ExtensibilityGlobals) = postSolution
		SolutionGuid = {5721BE43-B7EF-4C1F-821B-A09A1DE194F5}
	EndGlobalSection
EndGlobal
