
Microsoft Visual Studio Solution File, Format Version 12.00
# Visual Studio Version 17
VisualStudioVersion = 17.3.32901.215
MinimumVisualStudioVersion = 10.0.40219.1
Project("{FAE04EC0-301F-11D3-BF4B-00C04F79EFBC}") = "NumberOfArithmeticSlices", "NumberOfArithmeticSlices\NumberOfArithmeticSlices.csproj", "{0EA0B439-0015-4E2E-81D8-5DA1044CFC5A}"
EndProject
Global
	GlobalSection(SolutionConfigurationPlatforms) = preSolution
		Debug|Any CPU = Debug|Any CPU
		Release|Any CPU = Release|Any CPU
	EndGlobalSection
	GlobalSection(ProjectConfigurationPlatforms) = postSolution
		{0EA0B439-0015-4E2E-81D8-5DA1044CFC5A}.Debug|Any CPU.ActiveCfg = Debug|Any CPU
		{0EA0B439-0015-4E2E-81D8-5DA1044CFC5A}.Debug|Any CPU.Build.0 = Debug|Any CPU
		{0EA0B439-0015-4E2E-81D8-5DA1044CFC5A}.Release|Any CPU.ActiveCfg = Release|Any CPU
		{0EA0B439-0015-4E2E-81D8-5DA1044CFC5A}.Release|Any CPU.Build.0 = Release|Any CPU
	EndGlobalSection
	GlobalSection(SolutionProperties) = preSolution
		HideSolutionNode = FALSE
	EndGlobalSection
	GlobalSection(ExtensibilityGlobals) = postSolution
		SolutionGuid = {BE07D5F2-DC75-4C47-ABD1-4E64588C5486}
	EndGlobalSection
EndGlobal
