
Microsoft Visual Studio Solution File, Format Version 12.00
# Visual Studio Version 17
VisualStudioVersion = 17.4.33020.496
MinimumVisualStudioVersion = 10.0.40219.1
Project("{FAE04EC0-301F-11D3-BF4B-00C04F79EFBC}") = "ParseBoolExpr", "ParseBoolExpr\ParseBoolExpr.csproj", "{F9229306-8CC4-44DC-9E66-B90F36141BD3}"
EndProject
Global
	GlobalSection(SolutionConfigurationPlatforms) = preSolution
		Debug|Any CPU = Debug|Any CPU
		Release|Any CPU = Release|Any CPU
	EndGlobalSection
	GlobalSection(ProjectConfigurationPlatforms) = postSolution
		{F9229306-8CC4-44DC-9E66-B90F36141BD3}.Debug|Any CPU.ActiveCfg = Debug|Any CPU
		{F9229306-8CC4-44DC-9E66-B90F36141BD3}.Debug|Any CPU.Build.0 = Debug|Any CPU
		{F9229306-8CC4-44DC-9E66-B90F36141BD3}.Release|Any CPU.ActiveCfg = Release|Any CPU
		{F9229306-8CC4-44DC-9E66-B90F36141BD3}.Release|Any CPU.Build.0 = Release|Any CPU
	EndGlobalSection
	GlobalSection(SolutionProperties) = preSolution
		HideSolutionNode = FALSE
	EndGlobalSection
	GlobalSection(ExtensibilityGlobals) = postSolution
		SolutionGuid = {66C77AB6-27EA-4500-B371-B6F42281CB1A}
	EndGlobalSection
EndGlobal
