
Microsoft Visual Studio Solution File, Format Version 12.00
# Visual Studio Version 17
VisualStudioVersion = 17.4.33015.44
MinimumVisualStudioVersion = 10.0.40219.1
Project("{FAE04EC0-301F-11D3-BF4B-00C04F79EFBC}") = "ShortestSubarray", "ShortestSubarray\ShortestSubarray.csproj", "{FE8B35E4-7AB6-4BBE-BF6C-018B5BF66A4B}"
EndProject
Global
	GlobalSection(SolutionConfigurationPlatforms) = preSolution
		Debug|Any CPU = Debug|Any CPU
		Release|Any CPU = Release|Any CPU
	EndGlobalSection
	GlobalSection(ProjectConfigurationPlatforms) = postSolution
		{FE8B35E4-7AB6-4BBE-BF6C-018B5BF66A4B}.Debug|Any CPU.ActiveCfg = Debug|Any CPU
		{FE8B35E4-7AB6-4BBE-BF6C-018B5BF66A4B}.Debug|Any CPU.Build.0 = Debug|Any CPU
		{FE8B35E4-7AB6-4BBE-BF6C-018B5BF66A4B}.Release|Any CPU.ActiveCfg = Release|Any CPU
		{FE8B35E4-7AB6-4BBE-BF6C-018B5BF66A4B}.Release|Any CPU.Build.0 = Release|Any CPU
	EndGlobalSection
	GlobalSection(SolutionProperties) = preSolution
		HideSolutionNode = FALSE
	EndGlobalSection
	GlobalSection(ExtensibilityGlobals) = postSolution
		SolutionGuid = {A8BF50F2-F81B-4F40-A273-EF8D9081553C}
	EndGlobalSection
EndGlobal
