
Microsoft Visual Studio Solution File, Format Version 12.00
# Visual Studio Version 17
VisualStudioVersion = 17.0.31912.275
MinimumVisualStudioVersion = 10.0.40219.1
Project("{9A19103F-16F7-4668-BE54-9A1E7A4F7556}") = "Leetcode", "Leetcode\Leetcode.csproj", "{6ABF70BA-A832-4830-BC0D-A2677DFD1F46}"
EndProject
Project("{FAE04EC0-301F-11D3-BF4B-00C04F79EFBC}") = "RandomPointInCircle", "RandomPointInCircle\RandomPointInCircle.csproj", "{C292BCCD-1DD2-44C2-9507-BD1D5D678825}"
EndProject
Global
	GlobalSection(SolutionConfigurationPlatforms) = preSolution
		Debug|Any CPU = Debug|Any CPU
		Release|Any CPU = Release|Any CPU
	EndGlobalSection
	GlobalSection(ProjectConfigurationPlatforms) = postSolution
		{6ABF70BA-A832-4830-BC0D-A2677DFD1F46}.Debug|Any CPU.ActiveCfg = Debug|Any CPU
		{6ABF70BA-A832-4830-BC0D-A2677DFD1F46}.Debug|Any CPU.Build.0 = Debug|Any CPU
		{6ABF70BA-A832-4830-BC0D-A2677DFD1F46}.Release|Any CPU.ActiveCfg = Release|Any CPU
		{6ABF70BA-A832-4830-BC0D-A2677DFD1F46}.Release|Any CPU.Build.0 = Release|Any CPU
		{C292BCCD-1DD2-44C2-9507-BD1D5D678825}.Debug|Any CPU.ActiveCfg = Debug|Any CPU
		{C292BCCD-1DD2-44C2-9507-BD1D5D678825}.Debug|Any CPU.Build.0 = Debug|Any CPU
		{C292BCCD-1DD2-44C2-9507-BD1D5D678825}.Release|Any CPU.ActiveCfg = Release|Any CPU
		{C292BCCD-1DD2-44C2-9507-BD1D5D678825}.Release|Any CPU.Build.0 = Release|Any CPU
	EndGlobalSection
	GlobalSection(SolutionProperties) = preSolution
		HideSolutionNode = FALSE
	EndGlobalSection
	GlobalSection(ExtensibilityGlobals) = postSolution
		SolutionGuid = {DE823BE3-44A0-4398-A8F8-CD0092853E94}
	EndGlobalSection
EndGlobal
