
Microsoft Visual Studio Solution File, Format Version 12.00
# Visual Studio Version 17
VisualStudioVersion = 17.0.31912.275
MinimumVisualStudioVersion = 10.0.40219.1
Project("{9A19103F-16F7-4668-BE54-9A1E7A4F7556}") = "Leetcode", "Leetcode\Leetcode.csproj", "{6ABF70BA-A832-4830-BC0D-A2677DFD1F46}"
EndProject
Project("{9A19103F-16F7-4668-BE54-9A1E7A4F7556}") = "RandomPointInCircle", "RandomPointInCircle\RandomPointInCircle.csproj", "{C292BCCD-1DD2-44C2-9507-BD1D5D678825}"
EndProject
Project("{9A19103F-16F7-4668-BE54-9A1E7A4F7556}") = "MyCalendarThree", "MyCalendarThree\MyCalendarThree.csproj", "{69B4B6D3-D74A-4AFD-966F-67F8AA4D3647}"
EndProject
Project("{9A19103F-16F7-4668-BE54-9A1E7A4F7556}") = "MinEatingSpeed", "MinEatingSpeed\MinEatingSpeed.csproj", "{F91F709A-91F2-4520-ABDE-B2E6C8FEE6BB}"
EndProject
Project("{9A19103F-16F7-4668-BE54-9A1E7A4F7556}") = "IsBoomerang", "IsBoomerang\IsBoomerang.csproj", "{8BF3C256-0E2B-4CDF-9B90-FFC90D3ED68F}"
EndProject
Project("{9A19103F-16F7-4668-BE54-9A1E7A4F7556}") = "RandomPointInNonOverlappingRectangles", "RandomPointInNonOverlappingRectangles\RandomPointInNonOverlappingRectangles.csproj", "{7F7FDEAD-D749-4C00-96AA-D3EE0972FA48}"
EndProject
Project("{9A19103F-16F7-4668-BE54-9A1E7A4F7556}") = "MinFlipsMonoIncr", "MinFlipsMonoIncr\MinFlipsMonoIncr.csproj", "{02BF7F5A-7D82-4B85-A5CB-F851F3CFD8DB}"
EndProject
Project("{9A19103F-16F7-4668-BE54-9A1E7A4F7556}") = "FindAndReplacePattern", "FindAndReplacePattern\FindAndReplacePattern.csproj", "{73D74C2D-AB68-42D7-945B-AC6D4E95CF41}"
EndProject
Project("{9A19103F-16F7-4668-BE54-9A1E7A4F7556}") = "HeightChecker", "HeightChecker\HeightChecker.csproj", "{CAD1A3BA-4778-48E8-8F8B-1B6910EC144C}"
EndProject
Project("{9A19103F-16F7-4668-BE54-9A1E7A4F7556}") = "FindDiagonalOrder", "FindDiagonalOrder\FindDiagonalOrder.csproj", "{A97B5C61-B45F-499E-8041-5FFD14BF8FF4}"
EndProject
Project("{9A19103F-16F7-4668-BE54-9A1E7A4F7556}") = "SmallestDistancePair", "SmallestDistancePair\SmallestDistancePair.csproj", "{E481FCB1-598B-4191-B847-71B5E69D5AD4}"
EndProject
Project("{9A19103F-16F7-4668-BE54-9A1E7A4F7556}") = "FindPairs", "FindPairs\FindPairs.csproj", "{8B339596-57CC-476C-B96C-6823940730D2}"
EndProject
Project("{9A19103F-16F7-4668-BE54-9A1E7A4F7556}") = "DuplicateZeros", "DuplicateZeros\DuplicateZeros.csproj", "{96C7AC20-4994-4366-A0D4-10A3B422A303}"
EndProject
Project("{9A19103F-16F7-4668-BE54-9A1E7A4F7556}") = "InsertIntoASortedCircularLinkedList", "InsertIntoASortedCircularLinkedList\InsertIntoASortedCircularLinkedList.csproj", "{1AD5EF86-DCCA-4DC4-87E1-BEA62481C3D9}"
EndProject
Project("{9A19103F-16F7-4668-BE54-9A1E7A4F7556}") = "FindFrequentTreeSum", "FindFrequentTreeSum\FindFrequentTreeSum.csproj", "{66EB13EE-E78A-47D0-A9BA-315B09D707F7}"
EndProject
Project("{9A19103F-16F7-4668-BE54-9A1E7A4F7556}") = "RangeModule", "RangeModule\RangeModule.csproj", "{AADABEE4-379E-447B-B140-1031F4795120}"
EndProject
Project("{9A19103F-16F7-4668-BE54-9A1E7A4F7556}") = "DefangIPaddr", "DefangIPaddr\DefangIPaddr.csproj", "{35CC0458-CA49-4AD5-A7BD-0B61A1B66FA4}"
EndProject
Project("{9A19103F-16F7-4668-BE54-9A1E7A4F7556}") = "FindBottomLeftValue", "FindBottomLeftValue\FindBottomLeftValue.csproj", "{27887CBE-97A5-453B-8FE1-41406AA3924A}"
EndProject
Project("{FAE04EC0-301F-11D3-BF4B-00C04F79EFBC}") = "FindSubstring", "FindSubstring\FindSubstring.csproj", "{C9DB69E1-16D9-44E0-92D9-0CC8E9AC2DCE}"
EndProject
Global
	GlobalSection(SolutionConfigurationPlatforms) = preSolution
		Debug|Any CPU = Debug|Any CPU
		Release|Any CPU = Release|Any CPU
	EndGlobalSection
	GlobalSection(ProjectConfigurationPlatforms) = postSolution
		{6ABF70BA-A832-4830-BC0D-A2677DFD1F46}.Debug|Any CPU.ActiveCfg = Debug|Any CPU
		{6ABF70BA-A832-4830-BC0D-A2677DFD1F46}.Debug|Any CPU.Build.0 = Debug|Any CPU
		{6ABF70BA-A832-4830-BC0D-A2677DFD1F46}.Release|Any CPU.ActiveCfg = Release|Any CPU
		{6ABF70BA-A832-4830-BC0D-A2677DFD1F46}.Release|Any CPU.Build.0 = Release|Any CPU
		{C292BCCD-1DD2-44C2-9507-BD1D5D678825}.Debug|Any CPU.ActiveCfg = Debug|Any CPU
		{C292BCCD-1DD2-44C2-9507-BD1D5D678825}.Debug|Any CPU.Build.0 = Debug|Any CPU
		{C292BCCD-1DD2-44C2-9507-BD1D5D678825}.Release|Any CPU.ActiveCfg = Release|Any CPU
		{C292BCCD-1DD2-44C2-9507-BD1D5D678825}.Release|Any CPU.Build.0 = Release|Any CPU
		{69B4B6D3-D74A-4AFD-966F-67F8AA4D3647}.Debug|Any CPU.ActiveCfg = Debug|Any CPU
		{69B4B6D3-D74A-4AFD-966F-67F8AA4D3647}.Debug|Any CPU.Build.0 = Debug|Any CPU
		{69B4B6D3-D74A-4AFD-966F-67F8AA4D3647}.Release|Any CPU.ActiveCfg = Release|Any CPU
		{69B4B6D3-D74A-4AFD-966F-67F8AA4D3647}.Release|Any CPU.Build.0 = Release|Any CPU
		{F91F709A-91F2-4520-ABDE-B2E6C8FEE6BB}.Debug|Any CPU.ActiveCfg = Debug|Any CPU
		{F91F709A-91F2-4520-ABDE-B2E6C8FEE6BB}.Debug|Any CPU.Build.0 = Debug|Any CPU
		{F91F709A-91F2-4520-ABDE-B2E6C8FEE6BB}.Release|Any CPU.ActiveCfg = Release|Any CPU
		{F91F709A-91F2-4520-ABDE-B2E6C8FEE6BB}.Release|Any CPU.Build.0 = Release|Any CPU
		{8BF3C256-0E2B-4CDF-9B90-FFC90D3ED68F}.Debug|Any CPU.ActiveCfg = Debug|Any CPU
		{8BF3C256-0E2B-4CDF-9B90-FFC90D3ED68F}.Debug|Any CPU.Build.0 = Debug|Any CPU
		{8BF3C256-0E2B-4CDF-9B90-FFC90D3ED68F}.Release|Any CPU.ActiveCfg = Release|Any CPU
		{8BF3C256-0E2B-4CDF-9B90-FFC90D3ED68F}.Release|Any CPU.Build.0 = Release|Any CPU
		{7F7FDEAD-D749-4C00-96AA-D3EE0972FA48}.Debug|Any CPU.ActiveCfg = Debug|Any CPU
		{7F7FDEAD-D749-4C00-96AA-D3EE0972FA48}.Debug|Any CPU.Build.0 = Debug|Any CPU
		{7F7FDEAD-D749-4C00-96AA-D3EE0972FA48}.Release|Any CPU.ActiveCfg = Release|Any CPU
		{7F7FDEAD-D749-4C00-96AA-D3EE0972FA48}.Release|Any CPU.Build.0 = Release|Any CPU
		{02BF7F5A-7D82-4B85-A5CB-F851F3CFD8DB}.Debug|Any CPU.ActiveCfg = Debug|Any CPU
		{02BF7F5A-7D82-4B85-A5CB-F851F3CFD8DB}.Debug|Any CPU.Build.0 = Debug|Any CPU
		{02BF7F5A-7D82-4B85-A5CB-F851F3CFD8DB}.Release|Any CPU.ActiveCfg = Release|Any CPU
		{02BF7F5A-7D82-4B85-A5CB-F851F3CFD8DB}.Release|Any CPU.Build.0 = Release|Any CPU
		{73D74C2D-AB68-42D7-945B-AC6D4E95CF41}.Debug|Any CPU.ActiveCfg = Debug|Any CPU
		{73D74C2D-AB68-42D7-945B-AC6D4E95CF41}.Debug|Any CPU.Build.0 = Debug|Any CPU
		{73D74C2D-AB68-42D7-945B-AC6D4E95CF41}.Release|Any CPU.ActiveCfg = Release|Any CPU
		{73D74C2D-AB68-42D7-945B-AC6D4E95CF41}.Release|Any CPU.Build.0 = Release|Any CPU
		{CAD1A3BA-4778-48E8-8F8B-1B6910EC144C}.Debug|Any CPU.ActiveCfg = Debug|Any CPU
		{CAD1A3BA-4778-48E8-8F8B-1B6910EC144C}.Debug|Any CPU.Build.0 = Debug|Any CPU
		{CAD1A3BA-4778-48E8-8F8B-1B6910EC144C}.Release|Any CPU.ActiveCfg = Release|Any CPU
		{CAD1A3BA-4778-48E8-8F8B-1B6910EC144C}.Release|Any CPU.Build.0 = Release|Any CPU
		{A97B5C61-B45F-499E-8041-5FFD14BF8FF4}.Debug|Any CPU.ActiveCfg = Debug|Any CPU
		{A97B5C61-B45F-499E-8041-5FFD14BF8FF4}.Debug|Any CPU.Build.0 = Debug|Any CPU
		{A97B5C61-B45F-499E-8041-5FFD14BF8FF4}.Release|Any CPU.ActiveCfg = Release|Any CPU
		{A97B5C61-B45F-499E-8041-5FFD14BF8FF4}.Release|Any CPU.Build.0 = Release|Any CPU
		{E481FCB1-598B-4191-B847-71B5E69D5AD4}.Debug|Any CPU.ActiveCfg = Debug|Any CPU
		{E481FCB1-598B-4191-B847-71B5E69D5AD4}.Debug|Any CPU.Build.0 = Debug|Any CPU
		{E481FCB1-598B-4191-B847-71B5E69D5AD4}.Release|Any CPU.ActiveCfg = Release|Any CPU
		{E481FCB1-598B-4191-B847-71B5E69D5AD4}.Release|Any CPU.Build.0 = Release|Any CPU
		{8B339596-57CC-476C-B96C-6823940730D2}.Debug|Any CPU.ActiveCfg = Debug|Any CPU
		{8B339596-57CC-476C-B96C-6823940730D2}.Debug|Any CPU.Build.0 = Debug|Any CPU
		{8B339596-57CC-476C-B96C-6823940730D2}.Release|Any CPU.ActiveCfg = Release|Any CPU
		{8B339596-57CC-476C-B96C-6823940730D2}.Release|Any CPU.Build.0 = Release|Any CPU
		{96C7AC20-4994-4366-A0D4-10A3B422A303}.Debug|Any CPU.ActiveCfg = Debug|Any CPU
		{96C7AC20-4994-4366-A0D4-10A3B422A303}.Debug|Any CPU.Build.0 = Debug|Any CPU
		{96C7AC20-4994-4366-A0D4-10A3B422A303}.Release|Any CPU.ActiveCfg = Release|Any CPU
		{96C7AC20-4994-4366-A0D4-10A3B422A303}.Release|Any CPU.Build.0 = Release|Any CPU
		{1AD5EF86-DCCA-4DC4-87E1-BEA62481C3D9}.Debug|Any CPU.ActiveCfg = Debug|Any CPU
		{1AD5EF86-DCCA-4DC4-87E1-BEA62481C3D9}.Debug|Any CPU.Build.0 = Debug|Any CPU
		{1AD5EF86-DCCA-4DC4-87E1-BEA62481C3D9}.Release|Any CPU.ActiveCfg = Release|Any CPU
		{1AD5EF86-DCCA-4DC4-87E1-BEA62481C3D9}.Release|Any CPU.Build.0 = Release|Any CPU
		{66EB13EE-E78A-47D0-A9BA-315B09D707F7}.Debug|Any CPU.ActiveCfg = Debug|Any CPU
		{66EB13EE-E78A-47D0-A9BA-315B09D707F7}.Debug|Any CPU.Build.0 = Debug|Any CPU
		{66EB13EE-E78A-47D0-A9BA-315B09D707F7}.Release|Any CPU.ActiveCfg = Release|Any CPU
		{66EB13EE-E78A-47D0-A9BA-315B09D707F7}.Release|Any CPU.Build.0 = Release|Any CPU
		{AADABEE4-379E-447B-B140-1031F4795120}.Debug|Any CPU.ActiveCfg = Debug|Any CPU
		{AADABEE4-379E-447B-B140-1031F4795120}.Debug|Any CPU.Build.0 = Debug|Any CPU
		{AADABEE4-379E-447B-B140-1031F4795120}.Release|Any CPU.ActiveCfg = Release|Any CPU
		{AADABEE4-379E-447B-B140-1031F4795120}.Release|Any CPU.Build.0 = Release|Any CPU
		{35CC0458-CA49-4AD5-A7BD-0B61A1B66FA4}.Debug|Any CPU.ActiveCfg = Debug|Any CPU
		{35CC0458-CA49-4AD5-A7BD-0B61A1B66FA4}.Debug|Any CPU.Build.0 = Debug|Any CPU
		{35CC0458-CA49-4AD5-A7BD-0B61A1B66FA4}.Release|Any CPU.ActiveCfg = Release|Any CPU
		{35CC0458-CA49-4AD5-A7BD-0B61A1B66FA4}.Release|Any CPU.Build.0 = Release|Any CPU
		{27887CBE-97A5-453B-8FE1-41406AA3924A}.Debug|Any CPU.ActiveCfg = Debug|Any CPU
		{27887CBE-97A5-453B-8FE1-41406AA3924A}.Debug|Any CPU.Build.0 = Debug|Any CPU
		{27887CBE-97A5-453B-8FE1-41406AA3924A}.Release|Any CPU.ActiveCfg = Release|Any CPU
		{27887CBE-97A5-453B-8FE1-41406AA3924A}.Release|Any CPU.Build.0 = Release|Any CPU
		{C9DB69E1-16D9-44E0-92D9-0CC8E9AC2DCE}.Debug|Any CPU.ActiveCfg = Debug|Any CPU
		{C9DB69E1-16D9-44E0-92D9-0CC8E9AC2DCE}.Debug|Any CPU.Build.0 = Debug|Any CPU
		{C9DB69E1-16D9-44E0-92D9-0CC8E9AC2DCE}.Release|Any CPU.ActiveCfg = Release|Any CPU
		{C9DB69E1-16D9-44E0-92D9-0CC8E9AC2DCE}.Release|Any CPU.Build.0 = Release|Any CPU
	EndGlobalSection
	GlobalSection(SolutionProperties) = preSolution
		HideSolutionNode = FALSE
	EndGlobalSection
	GlobalSection(ExtensibilityGlobals) = postSolution
		SolutionGuid = {DE823BE3-44A0-4398-A8F8-CD0092853E94}
	EndGlobalSection
EndGlobal
