
Microsoft Visual Studio Solution File, Format Version 12.00
# Visual Studio Version 17
VisualStudioVersion = 17.4.32804.182
MinimumVisualStudioVersion = 10.0.40219.1
Project("{FAE04EC0-301F-11D3-BF4B-00C04F79EFBC}") = "ConvertToTitle", "ConvertToTitle\ConvertToTitle.csproj", "{E5CB3417-83E6-42B1-9196-3916C70FB668}"
EndProject
Global
	GlobalSection(SolutionConfigurationPlatforms) = preSolution
		Debug|Any CPU = Debug|Any CPU
		Release|Any CPU = Release|Any CPU
	EndGlobalSection
	GlobalSection(ProjectConfigurationPlatforms) = postSolution
		{E5CB3417-83E6-42B1-9196-3916C70FB668}.Debug|Any CPU.ActiveCfg = Debug|Any CPU
		{E5CB3417-83E6-42B1-9196-3916C70FB668}.Debug|Any CPU.Build.0 = Debug|Any CPU
		{E5CB3417-83E6-42B1-9196-3916C70FB668}.Release|Any CPU.ActiveCfg = Release|Any CPU
		{E5CB3417-83E6-42B1-9196-3916C70FB668}.Release|Any CPU.Build.0 = Release|Any CPU
	EndGlobalSection
	GlobalSection(SolutionProperties) = preSolution
		HideSolutionNode = FALSE
	EndGlobalSection
	GlobalSection(ExtensibilityGlobals) = postSolution
		SolutionGuid = {F78F7CBF-BF43-4112-8F45-4CC9E13B387D}
	EndGlobalSection
EndGlobal
