
Microsoft Visual Studio Solution File, Format Version 12.00
# Visual Studio Version 17
VisualStudioVersion = 17.4.32804.182
MinimumVisualStudioVersion = 10.0.40219.1
Project("{FAE04EC0-301F-11D3-BF4B-00C04F79EFBC}") = "FlipLights", "FlipLights\FlipLights.csproj", "{47729B22-5DB4-41E1-A6FA-C564D54EF39D}"
EndProject
Global
	GlobalSection(SolutionConfigurationPlatforms) = preSolution
		Debug|Any CPU = Debug|Any CPU
		Release|Any CPU = Release|Any CPU
	EndGlobalSection
	GlobalSection(ProjectConfigurationPlatforms) = postSolution
		{47729B22-5DB4-41E1-A6FA-C564D54EF39D}.Debug|Any CPU.ActiveCfg = Debug|Any CPU
		{47729B22-5DB4-41E1-A6FA-C564D54EF39D}.Debug|Any CPU.Build.0 = Debug|Any CPU
		{47729B22-5DB4-41E1-A6FA-C564D54EF39D}.Release|Any CPU.ActiveCfg = Release|Any CPU
		{47729B22-5DB4-41E1-A6FA-C564D54EF39D}.Release|Any CPU.Build.0 = Release|Any CPU
	EndGlobalSection
	GlobalSection(SolutionProperties) = preSolution
		HideSolutionNode = FALSE
	EndGlobalSection
	GlobalSection(ExtensibilityGlobals) = postSolution
		SolutionGuid = {6E033CBB-F007-4AC5-9C5F-F701AAE27393}
	EndGlobalSection
EndGlobal
