
Microsoft Visual Studio Solution File, Format Version 12.00
# Visual Studio Version 17
VisualStudioVersion = 17.4.32804.182
MinimumVisualStudioVersion = 10.0.40219.1
Project("{FAE04EC0-301F-11D3-BF4B-00C04F79EFBC}") = "ConstructArray", "ConstructArray\ConstructArray.csproj", "{80022D36-924F-4291-8666-463128F3FDB4}"
EndProject
Global
	GlobalSection(SolutionConfigurationPlatforms) = preSolution
		Debug|Any CPU = Debug|Any CPU
		Release|Any CPU = Release|Any CPU
	EndGlobalSection
	GlobalSection(ProjectConfigurationPlatforms) = postSolution
		{80022D36-924F-4291-8666-463128F3FDB4}.Debug|Any CPU.ActiveCfg = Debug|Any CPU
		{80022D36-924F-4291-8666-463128F3FDB4}.Debug|Any CPU.Build.0 = Debug|Any CPU
		{80022D36-924F-4291-8666-463128F3FDB4}.Release|Any CPU.ActiveCfg = Release|Any CPU
		{80022D36-924F-4291-8666-463128F3FDB4}.Release|Any CPU.Build.0 = Release|Any CPU
	EndGlobalSection
	GlobalSection(SolutionProperties) = preSolution
		HideSolutionNode = FALSE
	EndGlobalSection
	GlobalSection(ExtensibilityGlobals) = postSolution
		SolutionGuid = {3FEA968D-75C9-4068-A7BD-8180C4DCB09F}
	EndGlobalSection
EndGlobal
