
Microsoft Visual Studio Solution File, Format Version 12.00
# Visual Studio Version 17
VisualStudioVersion = 17.9.34723.18
MinimumVisualStudioVersion = 10.0.40219.1
Project("{FAE04EC0-301F-11D3-BF4B-00C04F79EFBC}") = "MinimumSum", "MinimumSum.csproj", "{C941C8C9-AFD1-4A63-A153-37280C191B8B}"
EndProject
Global
	GlobalSection(SolutionConfigurationPlatforms) = preSolution
		Debug|Any CPU = Debug|Any CPU
		Release|Any CPU = Release|Any CPU
	EndGlobalSection
	GlobalSection(ProjectConfigurationPlatforms) = postSolution
		{C941C8C9-AFD1-4A63-A153-37280C191B8B}.Debug|Any CPU.ActiveCfg = Debug|Any CPU
		{C941C8C9-AFD1-4A63-A153-37280C191B8B}.Debug|Any CPU.Build.0 = Debug|Any CPU
		{C941C8C9-AFD1-4A63-A153-37280C191B8B}.Release|Any CPU.ActiveCfg = Release|Any CPU
		{C941C8C9-AFD1-4A63-A153-37280C191B8B}.Release|Any CPU.Build.0 = Release|Any CPU
	EndGlobalSection
	GlobalSection(SolutionProperties) = preSolution
		HideSolutionNode = FALSE
	EndGlobalSection
	GlobalSection(ExtensibilityGlobals) = postSolution
		SolutionGuid = {0BB0AF55-44FC-43BC-A27B-A50EAFCFA5C2}
	EndGlobalSection
EndGlobal
