
Microsoft Visual Studio Solution File, Format Version 12.00
# Visual Studio Version 17
VisualStudioVersion = 17.4.32912.340
MinimumVisualStudioVersion = 10.0.40219.1
Project("{FAE04EC0-301F-11D3-BF4B-00C04F79EFBC}") = "CanFormArray", "CanFormArray\CanFormArray.csproj", "{698F24D4-1B9C-46D8-A198-D5B255FAB25A}"
EndProject
Global
	GlobalSection(SolutionConfigurationPlatforms) = preSolution
		Debug|Any CPU = Debug|Any CPU
		Release|Any CPU = Release|Any CPU
	EndGlobalSection
	GlobalSection(ProjectConfigurationPlatforms) = postSolution
		{698F24D4-1B9C-46D8-A198-D5B255FAB25A}.Debug|Any CPU.ActiveCfg = Debug|Any CPU
		{698F24D4-1B9C-46D8-A198-D5B255FAB25A}.Debug|Any CPU.Build.0 = Debug|Any CPU
		{698F24D4-1B9C-46D8-A198-D5B255FAB25A}.Release|Any CPU.ActiveCfg = Release|Any CPU
		{698F24D4-1B9C-46D8-A198-D5B255FAB25A}.Release|Any CPU.Build.0 = Release|Any CPU
	EndGlobalSection
	GlobalSection(SolutionProperties) = preSolution
		HideSolutionNode = FALSE
	EndGlobalSection
	GlobalSection(ExtensibilityGlobals) = postSolution
		SolutionGuid = {07AB60E6-8092-4D44-A314-D5585138A2C3}
	EndGlobalSection
EndGlobal
