
Microsoft Visual Studio Solution File, Format Version 12.00
# Visual Studio Version 17
VisualStudioVersion = 17.2.32616.157
MinimumVisualStudioVersion = 10.0.40219.1
Project("{FAE04EC0-301F-11D3-BF4B-00C04F79EFBC}") = "MinimumAbsDifference", "MinimumAbsDifference\MinimumAbsDifference.csproj", "{60EE3191-820E-4710-8106-A0C1C944B723}"
EndProject
Global
	GlobalSection(SolutionConfigurationPlatforms) = preSolution
		Debug|Any CPU = Debug|Any CPU
		Release|Any CPU = Release|Any CPU
	EndGlobalSection
	GlobalSection(ProjectConfigurationPlatforms) = postSolution
		{60EE3191-820E-4710-8106-A0C1C944B723}.Debug|Any CPU.ActiveCfg = Debug|Any CPU
		{60EE3191-820E-4710-8106-A0C1C944B723}.Debug|Any CPU.Build.0 = Debug|Any CPU
		{60EE3191-820E-4710-8106-A0C1C944B723}.Release|Any CPU.ActiveCfg = Release|Any CPU
		{60EE3191-820E-4710-8106-A0C1C944B723}.Release|Any CPU.Build.0 = Release|Any CPU
	EndGlobalSection
	GlobalSection(SolutionProperties) = preSolution
		HideSolutionNode = FALSE
	EndGlobalSection
	GlobalSection(ExtensibilityGlobals) = postSolution
		SolutionGuid = {E941A427-8D1D-44DA-9B02-54228C8E64FA}
	EndGlobalSection
EndGlobal
