
Microsoft Visual Studio Solution File, Format Version 12.00
# Visual Studio Version 17
VisualStudioVersion = 17.14.36623.8 d17.14
MinimumVisualStudioVersion = 10.0.40219.1
Project("{FAE04EC0-301F-11D3-BF4B-00C04F79EFBC}") = "ProcessQueries20251107", "ProcessQueries20251107.csproj", "{3829EB78-6E3E-4339-9FC7-36D80B5AEFBD}"
EndProject
Global
	GlobalSection(SolutionConfigurationPlatforms) = preSolution
		Debug|Any CPU = Debug|Any CPU
		Release|Any CPU = Release|Any CPU
	EndGlobalSection
	GlobalSection(ProjectConfigurationPlatforms) = postSolution
		{3829EB78-6E3E-4339-9FC7-36D80B5AEFBD}.Debug|Any CPU.ActiveCfg = Debug|Any CPU
		{3829EB78-6E3E-4339-9FC7-36D80B5AEFBD}.Debug|Any CPU.Build.0 = Debug|Any CPU
		{3829EB78-6E3E-4339-9FC7-36D80B5AEFBD}.Release|Any CPU.ActiveCfg = Release|Any CPU
		{3829EB78-6E3E-4339-9FC7-36D80B5AEFBD}.Release|Any CPU.Build.0 = Release|Any CPU
	EndGlobalSection
	GlobalSection(SolutionProperties) = preSolution
		HideSolutionNode = FALSE
	EndGlobalSection
	GlobalSection(ExtensibilityGlobals) = postSolution
		SolutionGuid = {FD31C3B2-AEA8-4523-B224-584E065F6707}
	EndGlobalSection
EndGlobal
