
Microsoft Visual Studio Solution File, Format Version 12.00
# Visual Studio Version 17
VisualStudioVersion = 17.4.32804.182
MinimumVisualStudioVersion = 10.0.40219.1
Project("{FAE04EC0-301F-11D3-BF4B-00C04F79EFBC}") = "FindAnagrams", "FindAnagrams\FindAnagrams.csproj", "{BAB0CE60-E238-4701-838F-FAAC4100B1B6}"
EndProject
Global
	GlobalSection(SolutionConfigurationPlatforms) = preSolution
		Debug|Any CPU = Debug|Any CPU
		Release|Any CPU = Release|Any CPU
	EndGlobalSection
	GlobalSection(ProjectConfigurationPlatforms) = postSolution
		{BAB0CE60-E238-4701-838F-FAAC4100B1B6}.Debug|Any CPU.ActiveCfg = Debug|Any CPU
		{BAB0CE60-E238-4701-838F-FAAC4100B1B6}.Debug|Any CPU.Build.0 = Debug|Any CPU
		{BAB0CE60-E238-4701-838F-FAAC4100B1B6}.Release|Any CPU.ActiveCfg = Release|Any CPU
		{BAB0CE60-E238-4701-838F-FAAC4100B1B6}.Release|Any CPU.Build.0 = Release|Any CPU
	EndGlobalSection
	GlobalSection(SolutionProperties) = preSolution
		HideSolutionNode = FALSE
	EndGlobalSection
	GlobalSection(ExtensibilityGlobals) = postSolution
		SolutionGuid = {4D7DAEA8-289D-41DB-9CB4-18C600D3BB37}
	EndGlobalSection
EndGlobal
