
Microsoft Visual Studio Solution File, Format Version 12.00
# Visual Studio Version 17
VisualStudioVersion = 17.3.32825.248
MinimumVisualStudioVersion = 10.0.40219.1
Project("{FAE04EC0-301F-11D3-BF4B-00C04F79EFBC}") = "MaxLengthBetweenEqualCharacters", "MaxLengthBetweenEqualCharacters\MaxLengthBetweenEqualCharacters.csproj", "{A30AA2B0-927A-4C1B-B994-4520F600BEE3}"
EndProject
Global
	GlobalSection(SolutionConfigurationPlatforms) = preSolution
		Debug|Any CPU = Debug|Any CPU
		Release|Any CPU = Release|Any CPU
	EndGlobalSection
	GlobalSection(ProjectConfigurationPlatforms) = postSolution
		{A30AA2B0-927A-4C1B-B994-4520F600BEE3}.Debug|Any CPU.ActiveCfg = Debug|Any CPU
		{A30AA2B0-927A-4C1B-B994-4520F600BEE3}.Debug|Any CPU.Build.0 = Debug|Any CPU
		{A30AA2B0-927A-4C1B-B994-4520F600BEE3}.Release|Any CPU.ActiveCfg = Release|Any CPU
		{A30AA2B0-927A-4C1B-B994-4520F600BEE3}.Release|Any CPU.Build.0 = Release|Any CPU
	EndGlobalSection
	GlobalSection(SolutionProperties) = preSolution
		HideSolutionNode = FALSE
	EndGlobalSection
	GlobalSection(ExtensibilityGlobals) = postSolution
		SolutionGuid = {BB751672-3005-4492-9013-A6D21C4B16A6}
	EndGlobalSection
EndGlobal
