
Microsoft Visual Studio Solution File, Format Version 12.00
# Visual Studio Version 17
VisualStudioVersion = 17.4.32804.182
MinimumVisualStudioVersion = 10.0.40219.1
Project("{FAE04EC0-301F-11D3-BF4B-00C04F79EFBC}") = "LongestUnivaluePath", "LongestUnivaluePath\LongestUnivaluePath.csproj", "{8F52A629-53D2-435D-BFE6-3052C0939FD8}"
EndProject
Global
	GlobalSection(SolutionConfigurationPlatforms) = preSolution
		Debug|Any CPU = Debug|Any CPU
		Release|Any CPU = Release|Any CPU
	EndGlobalSection
	GlobalSection(ProjectConfigurationPlatforms) = postSolution
		{8F52A629-53D2-435D-BFE6-3052C0939FD8}.Debug|Any CPU.ActiveCfg = Debug|Any CPU
		{8F52A629-53D2-435D-BFE6-3052C0939FD8}.Debug|Any CPU.Build.0 = Debug|Any CPU
		{8F52A629-53D2-435D-BFE6-3052C0939FD8}.Release|Any CPU.ActiveCfg = Release|Any CPU
		{8F52A629-53D2-435D-BFE6-3052C0939FD8}.Release|Any CPU.Build.0 = Release|Any CPU
	EndGlobalSection
	GlobalSection(SolutionProperties) = preSolution
		HideSolutionNode = FALSE
	EndGlobalSection
	GlobalSection(ExtensibilityGlobals) = postSolution
		SolutionGuid = {07F98012-248D-450C-9356-4F26A85788F6}
	EndGlobalSection
EndGlobal
