
Microsoft Visual Studio Solution File, Format Version 12.00
# Visual Studio Version 17
VisualStudioVersion = 17.5.33103.201
MinimumVisualStudioVersion = 10.0.40219.1
Project("{FAE04EC0-301F-11D3-BF4B-00C04F79EFBC}") = "MaxHeight", "MaxHeight.csproj", "{15C466E3-2B47-4029-A980-ADC5D37B5279}"
EndProject
Global
	GlobalSection(SolutionConfigurationPlatforms) = preSolution
		Debug|Any CPU = Debug|Any CPU
		Release|Any CPU = Release|Any CPU
	EndGlobalSection
	GlobalSection(ProjectConfigurationPlatforms) = postSolution
		{15C466E3-2B47-4029-A980-ADC5D37B5279}.Debug|Any CPU.ActiveCfg = Debug|Any CPU
		{15C466E3-2B47-4029-A980-ADC5D37B5279}.Debug|Any CPU.Build.0 = Debug|Any CPU
		{15C466E3-2B47-4029-A980-ADC5D37B5279}.Release|Any CPU.ActiveCfg = Release|Any CPU
		{15C466E3-2B47-4029-A980-ADC5D37B5279}.Release|Any CPU.Build.0 = Release|Any CPU
	EndGlobalSection
	GlobalSection(SolutionProperties) = preSolution
		HideSolutionNode = FALSE
	EndGlobalSection
	GlobalSection(ExtensibilityGlobals) = postSolution
		SolutionGuid = {0094D578-8F3A-4C41-B8C7-B2A0576C9DAC}
	EndGlobalSection
EndGlobal
