
Microsoft Visual Studio Solution File, Format Version 12.00
# Visual Studio Version 17
VisualStudioVersion = 17.5.33103.201
MinimumVisualStudioVersion = 10.0.40219.1
Project("{FAE04EC0-301F-11D3-BF4B-00C04F79EFBC}") = "ShortestPathAllKeys", "ShortestPathAllKeys.csproj", "{ABB81B25-3165-448A-B1CE-F276BC5FD16F}"
EndProject
Global
	GlobalSection(SolutionConfigurationPlatforms) = preSolution
		Debug|Any CPU = Debug|Any CPU
		Release|Any CPU = Release|Any CPU
	EndGlobalSection
	GlobalSection(ProjectConfigurationPlatforms) = postSolution
		{ABB81B25-3165-448A-B1CE-F276BC5FD16F}.Debug|Any CPU.ActiveCfg = Debug|Any CPU
		{ABB81B25-3165-448A-B1CE-F276BC5FD16F}.Debug|Any CPU.Build.0 = Debug|Any CPU
		{ABB81B25-3165-448A-B1CE-F276BC5FD16F}.Release|Any CPU.ActiveCfg = Release|Any CPU
		{ABB81B25-3165-448A-B1CE-F276BC5FD16F}.Release|Any CPU.Build.0 = Release|Any CPU
	EndGlobalSection
	GlobalSection(SolutionProperties) = preSolution
		HideSolutionNode = FALSE
	EndGlobalSection
	GlobalSection(ExtensibilityGlobals) = postSolution
		SolutionGuid = {39550AD4-A72F-45F4-AB26-26837E0E4998}
	EndGlobalSection
EndGlobal
