
Microsoft Visual Studio Solution File, Format Version 12.00
# Visual Studio Version 17
VisualStudioVersion = 17.7.34221.43
MinimumVisualStudioVersion = 10.0.40219.1
Project("{FAE04EC0-301F-11D3-BF4B-00C04F79EFBC}") = "SuccessfulPairs", "SuccessfulPairs\SuccessfulPairs.csproj", "{C3205C40-8568-44ED-BDF5-215187806C0E}"
EndProject
Global
	GlobalSection(SolutionConfigurationPlatforms) = preSolution
		Debug|Any CPU = Debug|Any CPU
		Release|Any CPU = Release|Any CPU
	EndGlobalSection
	GlobalSection(ProjectConfigurationPlatforms) = postSolution
		{C3205C40-8568-44ED-BDF5-215187806C0E}.Debug|Any CPU.ActiveCfg = Debug|Any CPU
		{C3205C40-8568-44ED-BDF5-215187806C0E}.Debug|Any CPU.Build.0 = Debug|Any CPU
		{C3205C40-8568-44ED-BDF5-215187806C0E}.Release|Any CPU.ActiveCfg = Release|Any CPU
		{C3205C40-8568-44ED-BDF5-215187806C0E}.Release|Any CPU.Build.0 = Release|Any CPU
	EndGlobalSection
	GlobalSection(SolutionProperties) = preSolution
		HideSolutionNode = FALSE
	EndGlobalSection
	GlobalSection(ExtensibilityGlobals) = postSolution
		SolutionGuid = {BCB5F078-9C8B-48C5-BA72-A43FF62A28E6}
	EndGlobalSection
EndGlobal
