
Microsoft Visual Studio Solution File, Format Version 12.00
# Visual Studio Version 17
VisualStudioVersion = 17.9.34728.123
MinimumVisualStudioVersion = 10.0.40219.1
Project("{FAE04EC0-301F-11D3-BF4B-00C04F79EFBC}") = "SnapshotArray", "SnapshotArray.csproj", "{68E30590-ECF0-47E0-A1D3-74F138E6560F}"
EndProject
Global
	GlobalSection(SolutionConfigurationPlatforms) = preSolution
		Debug|Any CPU = Debug|Any CPU
		Release|Any CPU = Release|Any CPU
	EndGlobalSection
	GlobalSection(ProjectConfigurationPlatforms) = postSolution
		{68E30590-ECF0-47E0-A1D3-74F138E6560F}.Debug|Any CPU.ActiveCfg = Debug|Any CPU
		{68E30590-ECF0-47E0-A1D3-74F138E6560F}.Debug|Any CPU.Build.0 = Debug|Any CPU
		{68E30590-ECF0-47E0-A1D3-74F138E6560F}.Release|Any CPU.ActiveCfg = Release|Any CPU
		{68E30590-ECF0-47E0-A1D3-74F138E6560F}.Release|Any CPU.Build.0 = Release|Any CPU
	EndGlobalSection
	GlobalSection(SolutionProperties) = preSolution
		HideSolutionNode = FALSE
	EndGlobalSection
	GlobalSection(ExtensibilityGlobals) = postSolution
		SolutionGuid = {73DD47F8-9ED5-47DF-82CA-19518135D0A9}
	EndGlobalSection
EndGlobal
