
Microsoft Visual Studio Solution File, Format Version 12.00
# Visual Studio Version 17
VisualStudioVersion = 17.11.35327.3
MinimumVisualStudioVersion = 10.0.40219.1
Project("{FAE04EC0-301F-11D3-BF4B-00C04F79EFBC}") = "NumberOfPairs20241011", "NumberOfPairs20241011.csproj", "{C871402A-923D-473B-BA5F-EF4C4C7EC46C}"
EndProject
Global
	GlobalSection(SolutionConfigurationPlatforms) = preSolution
		Debug|Any CPU = Debug|Any CPU
		Release|Any CPU = Release|Any CPU
	EndGlobalSection
	GlobalSection(ProjectConfigurationPlatforms) = postSolution
		{C871402A-923D-473B-BA5F-EF4C4C7EC46C}.Debug|Any CPU.ActiveCfg = Debug|Any CPU
		{C871402A-923D-473B-BA5F-EF4C4C7EC46C}.Debug|Any CPU.Build.0 = Debug|Any CPU
		{C871402A-923D-473B-BA5F-EF4C4C7EC46C}.Release|Any CPU.ActiveCfg = Release|Any CPU
		{C871402A-923D-473B-BA5F-EF4C4C7EC46C}.Release|Any CPU.Build.0 = Release|Any CPU
	EndGlobalSection
	GlobalSection(SolutionProperties) = preSolution
		HideSolutionNode = FALSE
	EndGlobalSection
	GlobalSection(ExtensibilityGlobals) = postSolution
		SolutionGuid = {54388E80-A318-4DF8-A134-1B086F4DBC34}
	EndGlobalSection
EndGlobal
