
Microsoft Visual Studio Solution File, Format Version 12.00
# Visual Studio Version 17
VisualStudioVersion = 17.5.33209.295
MinimumVisualStudioVersion = 10.0.40219.1
Project("{FAE04EC0-301F-11D3-BF4B-00C04F79EFBC}") = "CountPairs", "CountPairs.csproj", "{AD7D8786-3A20-4123-8CE4-C185990E0B9A}"
EndProject
Global
	GlobalSection(SolutionConfigurationPlatforms) = preSolution
		Debug|Any CPU = Debug|Any CPU
		Release|Any CPU = Release|Any CPU
	EndGlobalSection
	GlobalSection(ProjectConfigurationPlatforms) = postSolution
		{AD7D8786-3A20-4123-8CE4-C185990E0B9A}.Debug|Any CPU.ActiveCfg = Debug|Any CPU
		{AD7D8786-3A20-4123-8CE4-C185990E0B9A}.Debug|Any CPU.Build.0 = Debug|Any CPU
		{AD7D8786-3A20-4123-8CE4-C185990E0B9A}.Release|Any CPU.ActiveCfg = Release|Any CPU
		{AD7D8786-3A20-4123-8CE4-C185990E0B9A}.Release|Any CPU.Build.0 = Release|Any CPU
	EndGlobalSection
	GlobalSection(SolutionProperties) = preSolution
		HideSolutionNode = FALSE
	EndGlobalSection
	GlobalSection(ExtensibilityGlobals) = postSolution
		SolutionGuid = {6FCE042E-B915-43ED-A326-A3AED76DBCC9}
	EndGlobalSection
EndGlobal
