
Microsoft Visual Studio Solution File, Format Version 12.00
# Visual Studio Version 17
VisualStudioVersion = 17.4.32804.182
MinimumVisualStudioVersion = 10.0.40219.1
Project("{9A19103F-16F7-4668-BE54-9A1E7A4F7556}") = "HammingDistance​​", "hammingDistance​​\HammingDistance​​.csproj", "{A87B14FD-5989-44C8-9848-76A0864FBB53}"
EndProject
Global
	GlobalSection(SolutionConfigurationPlatforms) = preSolution
		Debug|Any CPU = Debug|Any CPU
		Release|Any CPU = Release|Any CPU
	EndGlobalSection
	GlobalSection(ProjectConfigurationPlatforms) = postSolution
		{A87B14FD-5989-44C8-9848-76A0864FBB53}.Debug|Any CPU.ActiveCfg = Debug|Any CPU
		{A87B14FD-5989-44C8-9848-76A0864FBB53}.Debug|Any CPU.Build.0 = Debug|Any CPU
		{A87B14FD-5989-44C8-9848-76A0864FBB53}.Release|Any CPU.ActiveCfg = Release|Any CPU
		{A87B14FD-5989-44C8-9848-76A0864FBB53}.Release|Any CPU.Build.0 = Release|Any CPU
	EndGlobalSection
	GlobalSection(SolutionProperties) = preSolution
		HideSolutionNode = FALSE
	EndGlobalSection
	GlobalSection(ExtensibilityGlobals) = postSolution
		SolutionGuid = {62B99FF6-7EF2-4CC1-930D-883C4D4770E0}
	EndGlobalSection
EndGlobal
