
Microsoft Visual Studio Solution File, Format Version 12.00
# Visual Studio Version 17
VisualStudioVersion = 17.4.32916.344
MinimumVisualStudioVersion = 10.0.40219.1
Project("{FAE04EC0-301F-11D3-BF4B-00C04F79EFBC}") = "NumComponents", "NumComponents\NumComponents.csproj", "{7C9FBC86-B63B-4D08-BF92-8D50D49B7AA0}"
EndProject
Global
	GlobalSection(SolutionConfigurationPlatforms) = preSolution
		Debug|Any CPU = Debug|Any CPU
		Release|Any CPU = Release|Any CPU
	EndGlobalSection
	GlobalSection(ProjectConfigurationPlatforms) = postSolution
		{7C9FBC86-B63B-4D08-BF92-8D50D49B7AA0}.Debug|Any CPU.ActiveCfg = Debug|Any CPU
		{7C9FBC86-B63B-4D08-BF92-8D50D49B7AA0}.Debug|Any CPU.Build.0 = Debug|Any CPU
		{7C9FBC86-B63B-4D08-BF92-8D50D49B7AA0}.Release|Any CPU.ActiveCfg = Release|Any CPU
		{7C9FBC86-B63B-4D08-BF92-8D50D49B7AA0}.Release|Any CPU.Build.0 = Release|Any CPU
	EndGlobalSection
	GlobalSection(SolutionProperties) = preSolution
		HideSolutionNode = FALSE
	EndGlobalSection
	GlobalSection(ExtensibilityGlobals) = postSolution
		SolutionGuid = {535432C3-6F46-4C3D-BE7C-9B9E1BB63707}
	EndGlobalSection
EndGlobal
