
Microsoft Visual Studio Solution File, Format Version 12.00
# Visual Studio Version 17
VisualStudioVersion = 17.4.33006.217
MinimumVisualStudioVersion = 10.0.40219.1
Project("{FAE04EC0-301F-11D3-BF4B-00C04F79EFBC}") = "TotalFruit", "TotalFruit\TotalFruit.csproj", "{AF2E93C0-7EA7-4AAD-96B6-FF1010B3D377}"
EndProject
Global
	GlobalSection(SolutionConfigurationPlatforms) = preSolution
		Debug|Any CPU = Debug|Any CPU
		Release|Any CPU = Release|Any CPU
	EndGlobalSection
	GlobalSection(ProjectConfigurationPlatforms) = postSolution
		{AF2E93C0-7EA7-4AAD-96B6-FF1010B3D377}.Debug|Any CPU.ActiveCfg = Debug|Any CPU
		{AF2E93C0-7EA7-4AAD-96B6-FF1010B3D377}.Debug|Any CPU.Build.0 = Debug|Any CPU
		{AF2E93C0-7EA7-4AAD-96B6-FF1010B3D377}.Release|Any CPU.ActiveCfg = Release|Any CPU
		{AF2E93C0-7EA7-4AAD-96B6-FF1010B3D377}.Release|Any CPU.Build.0 = Release|Any CPU
	EndGlobalSection
	GlobalSection(SolutionProperties) = preSolution
		HideSolutionNode = FALSE
	EndGlobalSection
	GlobalSection(ExtensibilityGlobals) = postSolution
		SolutionGuid = {DE1E8BCE-AF66-4DF4-8551-FEAD7F2C0B29}
	EndGlobalSection
EndGlobal
