
Microsoft Visual Studio Solution File, Format Version 12.00
# Visual Studio Version 17
VisualStudioVersion = 17.4.32916.344
MinimumVisualStudioVersion = 10.0.40219.1
Project("{FAE04EC0-301F-11D3-BF4B-00C04F79EFBC}") = "IsFlipedString", "IsFlipedString\IsFlipedString.csproj", "{8DB3565E-B2E8-4286-B7CD-75C847318A48}"
EndProject
Global
	GlobalSection(SolutionConfigurationPlatforms) = preSolution
		Debug|Any CPU = Debug|Any CPU
		Release|Any CPU = Release|Any CPU
	EndGlobalSection
	GlobalSection(ProjectConfigurationPlatforms) = postSolution
		{8DB3565E-B2E8-4286-B7CD-75C847318A48}.Debug|Any CPU.ActiveCfg = Debug|Any CPU
		{8DB3565E-B2E8-4286-B7CD-75C847318A48}.Debug|Any CPU.Build.0 = Debug|Any CPU
		{8DB3565E-B2E8-4286-B7CD-75C847318A48}.Release|Any CPU.ActiveCfg = Release|Any CPU
		{8DB3565E-B2E8-4286-B7CD-75C847318A48}.Release|Any CPU.Build.0 = Release|Any CPU
	EndGlobalSection
	GlobalSection(SolutionProperties) = preSolution
		HideSolutionNode = FALSE
	EndGlobalSection
	GlobalSection(ExtensibilityGlobals) = postSolution
		SolutionGuid = {826AFF07-BFCD-4FC4-A1F7-05C865A8846B}
	EndGlobalSection
EndGlobal
