
Microsoft Visual Studio Solution File, Format Version 12.00
# Visual Studio Version 17
VisualStudioVersion = 17.2.32630.192
MinimumVisualStudioVersion = 10.0.40219.1
Project("{FAE04EC0-301F-11D3-BF4B-00C04F79EFBC}") = "CBTInserter", "CBTInserter\CBTInserter.csproj", "{55A4DE50-68D0-40B6-ADA5-4080C30DA302}"
EndProject
Global
	GlobalSection(SolutionConfigurationPlatforms) = preSolution
		Debug|Any CPU = Debug|Any CPU
		Release|Any CPU = Release|Any CPU
	EndGlobalSection
	GlobalSection(ProjectConfigurationPlatforms) = postSolution
		{55A4DE50-68D0-40B6-ADA5-4080C30DA302}.Debug|Any CPU.ActiveCfg = Debug|Any CPU
		{55A4DE50-68D0-40B6-ADA5-4080C30DA302}.Debug|Any CPU.Build.0 = Debug|Any CPU
		{55A4DE50-68D0-40B6-ADA5-4080C30DA302}.Release|Any CPU.ActiveCfg = Release|Any CPU
		{55A4DE50-68D0-40B6-ADA5-4080C30DA302}.Release|Any CPU.Build.0 = Release|Any CPU
	EndGlobalSection
	GlobalSection(SolutionProperties) = preSolution
		HideSolutionNode = FALSE
	EndGlobalSection
	GlobalSection(ExtensibilityGlobals) = postSolution
		SolutionGuid = {D03E3DCB-9731-4981-9F53-EFD781519D4E}
	EndGlobalSection
EndGlobal
