
Microsoft Visual Studio Solution File, Format Version 12.00
# Visual Studio Version 17
VisualStudioVersion = 17.13.35913.81 d17.13
MinimumVisualStudioVersion = 10.0.40219.1
Project("{FAE04EC0-301F-11D3-BF4B-00C04F79EFBC}") = "MaximumOr20250321", "MaximumOr20250321.csproj", "{75B0E2B8-5568-450F-8A71-72F562035963}"
EndProject
Global
	GlobalSection(SolutionConfigurationPlatforms) = preSolution
		Debug|Any CPU = Debug|Any CPU
		Release|Any CPU = Release|Any CPU
	EndGlobalSection
	GlobalSection(ProjectConfigurationPlatforms) = postSolution
		{75B0E2B8-5568-450F-8A71-72F562035963}.Debug|Any CPU.ActiveCfg = Debug|Any CPU
		{75B0E2B8-5568-450F-8A71-72F562035963}.Debug|Any CPU.Build.0 = Debug|Any CPU
		{75B0E2B8-5568-450F-8A71-72F562035963}.Release|Any CPU.ActiveCfg = Release|Any CPU
		{75B0E2B8-5568-450F-8A71-72F562035963}.Release|Any CPU.Build.0 = Release|Any CPU
	EndGlobalSection
	GlobalSection(SolutionProperties) = preSolution
		HideSolutionNode = FALSE
	EndGlobalSection
	GlobalSection(ExtensibilityGlobals) = postSolution
		SolutionGuid = {CFE781A6-9981-46B9-911B-0E81F75C8DCC}
	EndGlobalSection
EndGlobal
