
Microsoft Visual Studio Solution File, Format Version 12.00
# Visual Studio Version 17
VisualStudioVersion = 17.13.35931.197 d17.13
MinimumVisualStudioVersion = 10.0.40219.1
Project("{FAE04EC0-301F-11D3-BF4B-00C04F79EFBC}") = "CountInterestingSubarrays20250425", "CountInterestingSubarrays20250425.csproj", "{9229AED3-6E00-4F69-A5FE-8005C27BD1B5}"
EndProject
Global
	GlobalSection(SolutionConfigurationPlatforms) = preSolution
		Debug|Any CPU = Debug|Any CPU
		Release|Any CPU = Release|Any CPU
	EndGlobalSection
	GlobalSection(ProjectConfigurationPlatforms) = postSolution
		{9229AED3-6E00-4F69-A5FE-8005C27BD1B5}.Debug|Any CPU.ActiveCfg = Debug|Any CPU
		{9229AED3-6E00-4F69-A5FE-8005C27BD1B5}.Debug|Any CPU.Build.0 = Debug|Any CPU
		{9229AED3-6E00-4F69-A5FE-8005C27BD1B5}.Release|Any CPU.ActiveCfg = Release|Any CPU
		{9229AED3-6E00-4F69-A5FE-8005C27BD1B5}.Release|Any CPU.Build.0 = Release|Any CPU
	EndGlobalSection
	GlobalSection(SolutionProperties) = preSolution
		HideSolutionNode = FALSE
	EndGlobalSection
	GlobalSection(ExtensibilityGlobals) = postSolution
		SolutionGuid = {6A22FD61-5CD4-41B1-B9B7-165DFAD8C495}
	EndGlobalSection
EndGlobal
