
Microsoft Visual Studio Solution File, Format Version 12.00
# Visual Studio Version 17
VisualStudioVersion = 17.3.32901.215
MinimumVisualStudioVersion = 10.0.40219.1
Project("{FAE04EC0-301F-11D3-BF4B-00C04F79EFBC}") = "MinDistance", "MinDistance\MinDistance.csproj", "{12E256D7-6C62-4B92-8F15-CE7100F9B9F0}"
EndProject
Global
	GlobalSection(SolutionConfigurationPlatforms) = preSolution
		Debug|Any CPU = Debug|Any CPU
		Release|Any CPU = Release|Any CPU
	EndGlobalSection
	GlobalSection(ProjectConfigurationPlatforms) = postSolution
		{12E256D7-6C62-4B92-8F15-CE7100F9B9F0}.Debug|Any CPU.ActiveCfg = Debug|Any CPU
		{12E256D7-6C62-4B92-8F15-CE7100F9B9F0}.Debug|Any CPU.Build.0 = Debug|Any CPU
		{12E256D7-6C62-4B92-8F15-CE7100F9B9F0}.Release|Any CPU.ActiveCfg = Release|Any CPU
		{12E256D7-6C62-4B92-8F15-CE7100F9B9F0}.Release|Any CPU.Build.0 = Release|Any CPU
	EndGlobalSection
	GlobalSection(SolutionProperties) = preSolution
		HideSolutionNode = FALSE
	EndGlobalSection
	GlobalSection(ExtensibilityGlobals) = postSolution
		SolutionGuid = {83048ED0-2FF9-43FF-8384-E51935F44529}
	EndGlobalSection
EndGlobal
