
Microsoft Visual Studio Solution File, Format Version 12.00
# Visual Studio Version 17
VisualStudioVersion = 17.4.32804.182
MinimumVisualStudioVersion = 10.0.40219.1
Project("{FAE04EC0-301F-11D3-BF4B-00C04F79EFBC}") = "Shuffle", "Shuffle\Shuffle.csproj", "{96CB659B-C628-44CD-8347-70D9071CBAF0}"
EndProject
Global
	GlobalSection(SolutionConfigurationPlatforms) = preSolution
		Debug|Any CPU = Debug|Any CPU
		Release|Any CPU = Release|Any CPU
	EndGlobalSection
	GlobalSection(ProjectConfigurationPlatforms) = postSolution
		{96CB659B-C628-44CD-8347-70D9071CBAF0}.Debug|Any CPU.ActiveCfg = Debug|Any CPU
		{96CB659B-C628-44CD-8347-70D9071CBAF0}.Debug|Any CPU.Build.0 = Debug|Any CPU
		{96CB659B-C628-44CD-8347-70D9071CBAF0}.Release|Any CPU.ActiveCfg = Release|Any CPU
		{96CB659B-C628-44CD-8347-70D9071CBAF0}.Release|Any CPU.Build.0 = Release|Any CPU
	EndGlobalSection
	GlobalSection(SolutionProperties) = preSolution
		HideSolutionNode = FALSE
	EndGlobalSection
	GlobalSection(ExtensibilityGlobals) = postSolution
		SolutionGuid = {F5E185E1-9C0B-40E0-9935-02E974CAC0C7}
	EndGlobalSection
EndGlobal
