
Microsoft Visual Studio Solution File, Format Version 12.00
# Visual Studio Version 17
VisualStudioVersion = 17.2.32630.192
MinimumVisualStudioVersion = 10.0.40219.1
Project("{FAE04EC0-301F-11D3-BF4B-00C04F79EFBC}") = "DistanceBetweenBusStops", "DistanceBetweenBusStops\DistanceBetweenBusStops.csproj", "{C3DE7ABC-50F1-453B-99EE-676A123D5480}"
EndProject
Global
	GlobalSection(SolutionConfigurationPlatforms) = preSolution
		Debug|Any CPU = Debug|Any CPU
		Release|Any CPU = Release|Any CPU
	EndGlobalSection
	GlobalSection(ProjectConfigurationPlatforms) = postSolution
		{C3DE7ABC-50F1-453B-99EE-676A123D5480}.Debug|Any CPU.ActiveCfg = Debug|Any CPU
		{C3DE7ABC-50F1-453B-99EE-676A123D5480}.Debug|Any CPU.Build.0 = Debug|Any CPU
		{C3DE7ABC-50F1-453B-99EE-676A123D5480}.Release|Any CPU.ActiveCfg = Release|Any CPU
		{C3DE7ABC-50F1-453B-99EE-676A123D5480}.Release|Any CPU.Build.0 = Release|Any CPU
	EndGlobalSection
	GlobalSection(SolutionProperties) = preSolution
		HideSolutionNode = FALSE
	EndGlobalSection
	GlobalSection(ExtensibilityGlobals) = postSolution
		SolutionGuid = {BA7D3AC4-3F65-4A58-BE90-4EB84993B66B}
	EndGlobalSection
EndGlobal
