
Microsoft Visual Studio Solution File, Format Version 12.00
# Visual Studio Version 17
VisualStudioVersion = 17.2.32630.192
MinimumVisualStudioVersion = 10.0.40219.1
Project("{FAE04EC0-301F-11D3-BF4B-00C04F79EFBC}") = "SpiralOrder", "SpiralOrder\SpiralOrder.csproj", "{0D5AA326-DC4A-4F55-BA65-AB68A7469477}"
EndProject
Global
	GlobalSection(SolutionConfigurationPlatforms) = preSolution
		Debug|Any CPU = Debug|Any CPU
		Release|Any CPU = Release|Any CPU
	EndGlobalSection
	GlobalSection(ProjectConfigurationPlatforms) = postSolution
		{0D5AA326-DC4A-4F55-BA65-AB68A7469477}.Debug|Any CPU.ActiveCfg = Debug|Any CPU
		{0D5AA326-DC4A-4F55-BA65-AB68A7469477}.Debug|Any CPU.Build.0 = Debug|Any CPU
		{0D5AA326-DC4A-4F55-BA65-AB68A7469477}.Release|Any CPU.ActiveCfg = Release|Any CPU
		{0D5AA326-DC4A-4F55-BA65-AB68A7469477}.Release|Any CPU.Build.0 = Release|Any CPU
	EndGlobalSection
	GlobalSection(SolutionProperties) = preSolution
		HideSolutionNode = FALSE
	EndGlobalSection
	GlobalSection(ExtensibilityGlobals) = postSolution
		SolutionGuid = {4E3CC091-26DA-4EF2-BE7E-1925234A5564}
	EndGlobalSection
EndGlobal
