
Microsoft Visual Studio Solution File, Format Version 12.00
# Visual Studio Version 17
VisualStudioVersion = 17.4.32804.182
MinimumVisualStudioVersion = 10.0.40219.1
Project("{FAE04EC0-301F-11D3-BF4B-00C04F79EFBC}") = "MinOperations", "MinOperations\MinOperations.csproj", "{E4FE57D8-8BB4-4960-BFC8-5E813D902F18}"
EndProject
Global
	GlobalSection(SolutionConfigurationPlatforms) = preSolution
		Debug|Any CPU = Debug|Any CPU
		Release|Any CPU = Release|Any CPU
	EndGlobalSection
	GlobalSection(ProjectConfigurationPlatforms) = postSolution
		{E4FE57D8-8BB4-4960-BFC8-5E813D902F18}.Debug|Any CPU.ActiveCfg = Debug|Any CPU
		{E4FE57D8-8BB4-4960-BFC8-5E813D902F18}.Debug|Any CPU.Build.0 = Debug|Any CPU
		{E4FE57D8-8BB4-4960-BFC8-5E813D902F18}.Release|Any CPU.ActiveCfg = Release|Any CPU
		{E4FE57D8-8BB4-4960-BFC8-5E813D902F18}.Release|Any CPU.Build.0 = Release|Any CPU
	EndGlobalSection
	GlobalSection(SolutionProperties) = preSolution
		HideSolutionNode = FALSE
	EndGlobalSection
	GlobalSection(ExtensibilityGlobals) = postSolution
		SolutionGuid = {ACB93B8A-78C0-4D52-B8B4-D421AFE7451E}
	EndGlobalSection
EndGlobal
