
Microsoft Visual Studio Solution File, Format Version 12.00
# Visual Studio Version 17
VisualStudioVersion = 17.13.36105.23 d17.13
MinimumVisualStudioVersion = 10.0.40219.1
Project("{FAE04EC0-301F-11D3-BF4B-00C04F79EFBC}") = "RobotWithString20250606", "RobotWithString20250606.csproj", "{1FEA80F8-F4FA-4AD9-9604-B313B89536B8}"
EndProject
Global
	GlobalSection(SolutionConfigurationPlatforms) = preSolution
		Debug|Any CPU = Debug|Any CPU
		Release|Any CPU = Release|Any CPU
	EndGlobalSection
	GlobalSection(ProjectConfigurationPlatforms) = postSolution
		{1FEA80F8-F4FA-4AD9-9604-B313B89536B8}.Debug|Any CPU.ActiveCfg = Debug|Any CPU
		{1FEA80F8-F4FA-4AD9-9604-B313B89536B8}.Debug|Any CPU.Build.0 = Debug|Any CPU
		{1FEA80F8-F4FA-4AD9-9604-B313B89536B8}.Release|Any CPU.ActiveCfg = Release|Any CPU
		{1FEA80F8-F4FA-4AD9-9604-B313B89536B8}.Release|Any CPU.Build.0 = Release|Any CPU
	EndGlobalSection
	GlobalSection(SolutionProperties) = preSolution
		HideSolutionNode = FALSE
	EndGlobalSection
	GlobalSection(ExtensibilityGlobals) = postSolution
		SolutionGuid = {63ACAFC2-53C9-4AA5-9FBB-BBFCB1DE0CBB}
	EndGlobalSection
EndGlobal
