
Microsoft Visual Studio Solution File, Format Version 12.00
# Visual Studio Version 17
VisualStudioVersion = 17.4.32916.344
MinimumVisualStudioVersion = 10.0.40219.1
Project("{FAE04EC0-301F-11D3-BF4B-00C04F79EFBC}") = "SubdomainVisits", "SubdomainVisits\SubdomainVisits.csproj", "{879559D9-B387-4CEE-A5E2-0720EA4C5624}"
EndProject
Global
	GlobalSection(SolutionConfigurationPlatforms) = preSolution
		Debug|Any CPU = Debug|Any CPU
		Release|Any CPU = Release|Any CPU
	EndGlobalSection
	GlobalSection(ProjectConfigurationPlatforms) = postSolution
		{879559D9-B387-4CEE-A5E2-0720EA4C5624}.Debug|Any CPU.ActiveCfg = Debug|Any CPU
		{879559D9-B387-4CEE-A5E2-0720EA4C5624}.Debug|Any CPU.Build.0 = Debug|Any CPU
		{879559D9-B387-4CEE-A5E2-0720EA4C5624}.Release|Any CPU.ActiveCfg = Release|Any CPU
		{879559D9-B387-4CEE-A5E2-0720EA4C5624}.Release|Any CPU.Build.0 = Release|Any CPU
	EndGlobalSection
	GlobalSection(SolutionProperties) = preSolution
		HideSolutionNode = FALSE
	EndGlobalSection
	GlobalSection(ExtensibilityGlobals) = postSolution
		SolutionGuid = {A0810317-2588-4536-90DB-DB504B8391A5}
	EndGlobalSection
EndGlobal
