
Microsoft Visual Studio Solution File, Format Version 12.00
# Visual Studio Version 17
VisualStudioVersion = 17.5.33209.295
MinimumVisualStudioVersion = 10.0.40219.1
Project("{FAE04EC0-301F-11D3-BF4B-00C04F79EFBC}") = "CountHomogenous", "CountHomogenous.csproj", "{6FEF1410-E3A4-4F1B-A47C-7888106AADF3}"
EndProject
Global
	GlobalSection(SolutionConfigurationPlatforms) = preSolution
		Debug|Any CPU = Debug|Any CPU
		Release|Any CPU = Release|Any CPU
	EndGlobalSection
	GlobalSection(ProjectConfigurationPlatforms) = postSolution
		{6FEF1410-E3A4-4F1B-A47C-7888106AADF3}.Debug|Any CPU.ActiveCfg = Debug|Any CPU
		{6FEF1410-E3A4-4F1B-A47C-7888106AADF3}.Debug|Any CPU.Build.0 = Debug|Any CPU
		{6FEF1410-E3A4-4F1B-A47C-7888106AADF3}.Release|Any CPU.ActiveCfg = Release|Any CPU
		{6FEF1410-E3A4-4F1B-A47C-7888106AADF3}.Release|Any CPU.Build.0 = Release|Any CPU
	EndGlobalSection
	GlobalSection(SolutionProperties) = preSolution
		HideSolutionNode = FALSE
	EndGlobalSection
	GlobalSection(ExtensibilityGlobals) = postSolution
		SolutionGuid = {DBBB8427-1746-4EA7-B985-9D152C037C41}
	EndGlobalSection
EndGlobal
