
Microsoft Visual Studio Solution File, Format Version 12.00
# Visual Studio Version 17
VisualStudioVersion = 17.6.33617.297
MinimumVisualStudioVersion = 10.0.40219.1
Project("{FAE04EC0-301F-11D3-BF4B-00C04F79EFBC}") = "DinnerPlates", "DinnerPlates.csproj", "{67DC6CD0-8F15-4EA0-BA17-AC5A4B2673AB}"
EndProject
Global
	GlobalSection(SolutionConfigurationPlatforms) = preSolution
		Debug|Any CPU = Debug|Any CPU
		Release|Any CPU = Release|Any CPU
	EndGlobalSection
	GlobalSection(ProjectConfigurationPlatforms) = postSolution
		{67DC6CD0-8F15-4EA0-BA17-AC5A4B2673AB}.Debug|Any CPU.ActiveCfg = Debug|Any CPU
		{67DC6CD0-8F15-4EA0-BA17-AC5A4B2673AB}.Debug|Any CPU.Build.0 = Debug|Any CPU
		{67DC6CD0-8F15-4EA0-BA17-AC5A4B2673AB}.Release|Any CPU.ActiveCfg = Release|Any CPU
		{67DC6CD0-8F15-4EA0-BA17-AC5A4B2673AB}.Release|Any CPU.Build.0 = Release|Any CPU
	EndGlobalSection
	GlobalSection(SolutionProperties) = preSolution
		HideSolutionNode = FALSE
	EndGlobalSection
	GlobalSection(ExtensibilityGlobals) = postSolution
		SolutionGuid = {61C8C419-879F-47C7-BA9E-17800B3EE5DC}
	EndGlobalSection
EndGlobal
