
Microsoft Visual Studio Solution File, Format Version 12.00
# Visual Studio Version 17
VisualStudioVersion = 17.4.32804.182
MinimumVisualStudioVersion = 10.0.40219.1
Project("{FAE04EC0-301F-11D3-BF4B-00C04F79EFBC}") = "FindPeakElement", "FindPeakElement\FindPeakElement.csproj", "{A5DD48F0-211D-4974-9806-061207C193B1}"
EndProject
Global
	GlobalSection(SolutionConfigurationPlatforms) = preSolution
		Debug|Any CPU = Debug|Any CPU
		Release|Any CPU = Release|Any CPU
	EndGlobalSection
	GlobalSection(ProjectConfigurationPlatforms) = postSolution
		{A5DD48F0-211D-4974-9806-061207C193B1}.Debug|Any CPU.ActiveCfg = Debug|Any CPU
		{A5DD48F0-211D-4974-9806-061207C193B1}.Debug|Any CPU.Build.0 = Debug|Any CPU
		{A5DD48F0-211D-4974-9806-061207C193B1}.Release|Any CPU.ActiveCfg = Release|Any CPU
		{A5DD48F0-211D-4974-9806-061207C193B1}.Release|Any CPU.Build.0 = Release|Any CPU
	EndGlobalSection
	GlobalSection(SolutionProperties) = preSolution
		HideSolutionNode = FALSE
	EndGlobalSection
	GlobalSection(ExtensibilityGlobals) = postSolution
		SolutionGuid = {A82C2CBF-C1CE-4266-93FE-7A353B55A1EC}
	EndGlobalSection
EndGlobal
