
Microsoft Visual Studio Solution File, Format Version 12.00
# Visual Studio Version 17
VisualStudioVersion = 17.4.33015.44
MinimumVisualStudioVersion = 10.0.40219.1
Project("{FAE04EC0-301F-11D3-BF4B-00C04F79EFBC}") = "ShortestBridge", "ShortestBridge\ShortestBridge.csproj", "{2918D284-599D-4CBC-B706-1B926424936D}"
EndProject
Global
	GlobalSection(SolutionConfigurationPlatforms) = preSolution
		Debug|Any CPU = Debug|Any CPU
		Release|Any CPU = Release|Any CPU
	EndGlobalSection
	GlobalSection(ProjectConfigurationPlatforms) = postSolution
		{2918D284-599D-4CBC-B706-1B926424936D}.Debug|Any CPU.ActiveCfg = Debug|Any CPU
		{2918D284-599D-4CBC-B706-1B926424936D}.Debug|Any CPU.Build.0 = Debug|Any CPU
		{2918D284-599D-4CBC-B706-1B926424936D}.Release|Any CPU.ActiveCfg = Release|Any CPU
		{2918D284-599D-4CBC-B706-1B926424936D}.Release|Any CPU.Build.0 = Release|Any CPU
	EndGlobalSection
	GlobalSection(SolutionProperties) = preSolution
		HideSolutionNode = FALSE
	EndGlobalSection
	GlobalSection(ExtensibilityGlobals) = postSolution
		SolutionGuid = {6DDA160D-08C2-4DB8-AAA2-8F0F025A4A03}
	EndGlobalSection
EndGlobal
