
Microsoft Visual Studio Solution File, Format Version 12.00
# Visual Studio Version 17
VisualStudioVersion = 17.13.36105.23 d17.13
MinimumVisualStudioVersion = 10.0.40219.1
Project("{FAE04EC0-301F-11D3-BF4B-00C04F79EFBC}") = "MaxDistance20250620", "MaxDistance20250620.csproj", "{C309D8B0-F78D-49B8-9179-D63673BDC844}"
EndProject
Global
	GlobalSection(SolutionConfigurationPlatforms) = preSolution
		Debug|Any CPU = Debug|Any CPU
		Release|Any CPU = Release|Any CPU
	EndGlobalSection
	GlobalSection(ProjectConfigurationPlatforms) = postSolution
		{C309D8B0-F78D-49B8-9179-D63673BDC844}.Debug|Any CPU.ActiveCfg = Debug|Any CPU
		{C309D8B0-F78D-49B8-9179-D63673BDC844}.Debug|Any CPU.Build.0 = Debug|Any CPU
		{C309D8B0-F78D-49B8-9179-D63673BDC844}.Release|Any CPU.ActiveCfg = Release|Any CPU
		{C309D8B0-F78D-49B8-9179-D63673BDC844}.Release|Any CPU.Build.0 = Release|Any CPU
	EndGlobalSection
	GlobalSection(SolutionProperties) = preSolution
		HideSolutionNode = FALSE
	EndGlobalSection
	GlobalSection(ExtensibilityGlobals) = postSolution
		SolutionGuid = {656DC91F-B63C-4ED9-8AA9-E9AA831EE199}
	EndGlobalSection
EndGlobal
