
Microsoft Visual Studio Solution File, Format Version 12.00
# Visual Studio Version 17
VisualStudioVersion = 17.11.35222.181
MinimumVisualStudioVersion = 10.0.40219.1
Project("{FAE04EC0-301F-11D3-BF4B-00C04F79EFBC}") = "MaximumLength20240906", "MaximumLength20240906.csproj", "{4638C230-0118-4EC1-9755-60A6B0678B82}"
EndProject
Global
	GlobalSection(SolutionConfigurationPlatforms) = preSolution
		Debug|Any CPU = Debug|Any CPU
		Release|Any CPU = Release|Any CPU
	EndGlobalSection
	GlobalSection(ProjectConfigurationPlatforms) = postSolution
		{4638C230-0118-4EC1-9755-60A6B0678B82}.Debug|Any CPU.ActiveCfg = Debug|Any CPU
		{4638C230-0118-4EC1-9755-60A6B0678B82}.Debug|Any CPU.Build.0 = Debug|Any CPU
		{4638C230-0118-4EC1-9755-60A6B0678B82}.Release|Any CPU.ActiveCfg = Release|Any CPU
		{4638C230-0118-4EC1-9755-60A6B0678B82}.Release|Any CPU.Build.0 = Release|Any CPU
	EndGlobalSection
	GlobalSection(SolutionProperties) = preSolution
		HideSolutionNode = FALSE
	EndGlobalSection
	GlobalSection(ExtensibilityGlobals) = postSolution
		SolutionGuid = {34710BB0-D4D2-4396-BC3A-7CB06B9EE53C}
	EndGlobalSection
EndGlobal
