
Microsoft Visual Studio Solution File, Format Version 12.00
# Visual Studio Version 17
VisualStudioVersion = 17.2.32630.192
MinimumVisualStudioVersion = 10.0.40219.1
Project("{FAE04EC0-301F-11D3-BF4B-00C04F79EFBC}") = "ArrayRankTransform", "ArrayRankTransform\ArrayRankTransform.csproj", "{05910CD0-6A5D-4E2A-A835-5227D2D6F8A4}"
EndProject
Global
	GlobalSection(SolutionConfigurationPlatforms) = preSolution
		Debug|Any CPU = Debug|Any CPU
		Release|Any CPU = Release|Any CPU
	EndGlobalSection
	GlobalSection(ProjectConfigurationPlatforms) = postSolution
		{05910CD0-6A5D-4E2A-A835-5227D2D6F8A4}.Debug|Any CPU.ActiveCfg = Debug|Any CPU
		{05910CD0-6A5D-4E2A-A835-5227D2D6F8A4}.Debug|Any CPU.Build.0 = Debug|Any CPU
		{05910CD0-6A5D-4E2A-A835-5227D2D6F8A4}.Release|Any CPU.ActiveCfg = Release|Any CPU
		{05910CD0-6A5D-4E2A-A835-5227D2D6F8A4}.Release|Any CPU.Build.0 = Release|Any CPU
	EndGlobalSection
	GlobalSection(SolutionProperties) = preSolution
		HideSolutionNode = FALSE
	EndGlobalSection
	GlobalSection(ExtensibilityGlobals) = postSolution
		SolutionGuid = {1A2674D2-0BD9-4B10-B005-1EF964422FE5}
	EndGlobalSection
EndGlobal
