
Microsoft Visual Studio Solution File, Format Version 12.00
# Visual Studio Version 17
VisualStudioVersion = 17.5.33209.295
MinimumVisualStudioVersion = 10.0.40219.1
Project("{FAE04EC0-301F-11D3-BF4B-00C04F79EFBC}") = "AreNumbersAscending", "AreNumbersAscending.csproj", "{9748FC0E-5432-4718-82A4-5A21B76F6575}"
EndProject
Global
	GlobalSection(SolutionConfigurationPlatforms) = preSolution
		Debug|Any CPU = Debug|Any CPU
		Release|Any CPU = Release|Any CPU
	EndGlobalSection
	GlobalSection(ProjectConfigurationPlatforms) = postSolution
		{9748FC0E-5432-4718-82A4-5A21B76F6575}.Debug|Any CPU.ActiveCfg = Debug|Any CPU
		{9748FC0E-5432-4718-82A4-5A21B76F6575}.Debug|Any CPU.Build.0 = Debug|Any CPU
		{9748FC0E-5432-4718-82A4-5A21B76F6575}.Release|Any CPU.ActiveCfg = Release|Any CPU
		{9748FC0E-5432-4718-82A4-5A21B76F6575}.Release|Any CPU.Build.0 = Release|Any CPU
	EndGlobalSection
	GlobalSection(SolutionProperties) = preSolution
		HideSolutionNode = FALSE
	EndGlobalSection
	GlobalSection(ExtensibilityGlobals) = postSolution
		SolutionGuid = {40558210-29FD-492B-8ADB-C6B284ECF7D9}
	EndGlobalSection
EndGlobal
