
Microsoft Visual Studio Solution File, Format Version 12.00
# Visual Studio Version 17
VisualStudioVersion = 17.2.32630.192
MinimumVisualStudioVersion = 10.0.40219.1
Project("{FAE04EC0-301F-11D3-BF4B-00C04F79EFBC}") = "MaxChunksToSorted", "MaxChunksToSorted\MaxChunksToSorted.csproj", "{B7121A98-9303-4ABD-AA39-F7399B6484DF}"
EndProject
Global
	GlobalSection(SolutionConfigurationPlatforms) = preSolution
		Debug|Any CPU = Debug|Any CPU
		Release|Any CPU = Release|Any CPU
	EndGlobalSection
	GlobalSection(ProjectConfigurationPlatforms) = postSolution
		{B7121A98-9303-4ABD-AA39-F7399B6484DF}.Debug|Any CPU.ActiveCfg = Debug|Any CPU
		{B7121A98-9303-4ABD-AA39-F7399B6484DF}.Debug|Any CPU.Build.0 = Debug|Any CPU
		{B7121A98-9303-4ABD-AA39-F7399B6484DF}.Release|Any CPU.ActiveCfg = Release|Any CPU
		{B7121A98-9303-4ABD-AA39-F7399B6484DF}.Release|Any CPU.Build.0 = Release|Any CPU
	EndGlobalSection
	GlobalSection(SolutionProperties) = preSolution
		HideSolutionNode = FALSE
	EndGlobalSection
	GlobalSection(ExtensibilityGlobals) = postSolution
		SolutionGuid = {E8536F02-3C86-4563-AA03-944DA9895681}
	EndGlobalSection
EndGlobal
