
Microsoft Visual Studio Solution File, Format Version 12.00
# Visual Studio Version 17
VisualStudioVersion = 17.4.32804.182
MinimumVisualStudioVersion = 10.0.40219.1
Project("{FAE04EC0-301F-11D3-BF4B-00C04F79EFBC}") = "FindCircleNum", "FindCircleNum\FindCircleNum.csproj", "{545A7EC9-921D-477B-8F4D-A15146C16372}"
EndProject
Global
	GlobalSection(SolutionConfigurationPlatforms) = preSolution
		Debug|Any CPU = Debug|Any CPU
		Release|Any CPU = Release|Any CPU
	EndGlobalSection
	GlobalSection(ProjectConfigurationPlatforms) = postSolution
		{545A7EC9-921D-477B-8F4D-A15146C16372}.Debug|Any CPU.ActiveCfg = Debug|Any CPU
		{545A7EC9-921D-477B-8F4D-A15146C16372}.Debug|Any CPU.Build.0 = Debug|Any CPU
		{545A7EC9-921D-477B-8F4D-A15146C16372}.Release|Any CPU.ActiveCfg = Release|Any CPU
		{545A7EC9-921D-477B-8F4D-A15146C16372}.Release|Any CPU.Build.0 = Release|Any CPU
	EndGlobalSection
	GlobalSection(SolutionProperties) = preSolution
		HideSolutionNode = FALSE
	EndGlobalSection
	GlobalSection(ExtensibilityGlobals) = postSolution
		SolutionGuid = {62CEF785-CB44-41FD-A063-DAF724CCF19E}
	EndGlobalSection
EndGlobal
