
Microsoft Visual Studio Solution File, Format Version 12.00
# Visual Studio Version 17
VisualStudioVersion = 17.5.33209.295
MinimumVisualStudioVersion = 10.0.40219.1
Project("{FAE04EC0-301F-11D3-BF4B-00C04F79EFBC}") = "CanChoose", "CanChoose.csproj", "{906A1847-29E2-4132-A43E-C954B3776558}"
EndProject
Global
	GlobalSection(SolutionConfigurationPlatforms) = preSolution
		Debug|Any CPU = Debug|Any CPU
		Release|Any CPU = Release|Any CPU
	EndGlobalSection
	GlobalSection(ProjectConfigurationPlatforms) = postSolution
		{906A1847-29E2-4132-A43E-C954B3776558}.Debug|Any CPU.ActiveCfg = Debug|Any CPU
		{906A1847-29E2-4132-A43E-C954B3776558}.Debug|Any CPU.Build.0 = Debug|Any CPU
		{906A1847-29E2-4132-A43E-C954B3776558}.Release|Any CPU.ActiveCfg = Release|Any CPU
		{906A1847-29E2-4132-A43E-C954B3776558}.Release|Any CPU.Build.0 = Release|Any CPU
	EndGlobalSection
	GlobalSection(SolutionProperties) = preSolution
		HideSolutionNode = FALSE
	EndGlobalSection
	GlobalSection(ExtensibilityGlobals) = postSolution
		SolutionGuid = {834EAB67-5AAF-4186-B0EF-728E6039EF3E}
	EndGlobalSection
EndGlobal
