
Microsoft Visual Studio Solution File, Format Version 12.00
# Visual Studio Version 17
VisualStudioVersion = 17.5.33402.96
MinimumVisualStudioVersion = 10.0.40219.1
Project("{FAE04EC0-301F-11D3-BF4B-00C04F79EFBC}") = "DieSimulator", "DieSimulator.csproj", "{02B3D7C4-B61C-4A69-A0D0-113B65021E5C}"
EndProject
Global
	GlobalSection(SolutionConfigurationPlatforms) = preSolution
		Debug|Any CPU = Debug|Any CPU
		Release|Any CPU = Release|Any CPU
	EndGlobalSection
	GlobalSection(ProjectConfigurationPlatforms) = postSolution
		{02B3D7C4-B61C-4A69-A0D0-113B65021E5C}.Debug|Any CPU.ActiveCfg = Debug|Any CPU
		{02B3D7C4-B61C-4A69-A0D0-113B65021E5C}.Debug|Any CPU.Build.0 = Debug|Any CPU
		{02B3D7C4-B61C-4A69-A0D0-113B65021E5C}.Release|Any CPU.ActiveCfg = Release|Any CPU
		{02B3D7C4-B61C-4A69-A0D0-113B65021E5C}.Release|Any CPU.Build.0 = Release|Any CPU
	EndGlobalSection
	GlobalSection(SolutionProperties) = preSolution
		HideSolutionNode = FALSE
	EndGlobalSection
	GlobalSection(ExtensibilityGlobals) = postSolution
		SolutionGuid = {DB813169-36B9-4765-ACE9-AAEB92E035CC}
	EndGlobalSection
EndGlobal
