
Microsoft Visual Studio Solution File, Format Version 12.00
# Visual Studio Version 17
VisualStudioVersion = 17.10.35013.160
MinimumVisualStudioVersion = 10.0.40219.1
Project("{FAE04EC0-301F-11D3-BF4B-00C04F79EFBC}") = "PaintWalls20240628", "PaintWalls20240628.csproj", "{EDBC3C3F-5711-4801-8E2F-881B11BB6301}"
EndProject
Global
	GlobalSection(SolutionConfigurationPlatforms) = preSolution
		Debug|Any CPU = Debug|Any CPU
		Release|Any CPU = Release|Any CPU
	EndGlobalSection
	GlobalSection(ProjectConfigurationPlatforms) = postSolution
		{EDBC3C3F-5711-4801-8E2F-881B11BB6301}.Debug|Any CPU.ActiveCfg = Debug|Any CPU
		{EDBC3C3F-5711-4801-8E2F-881B11BB6301}.Debug|Any CPU.Build.0 = Debug|Any CPU
		{EDBC3C3F-5711-4801-8E2F-881B11BB6301}.Release|Any CPU.ActiveCfg = Release|Any CPU
		{EDBC3C3F-5711-4801-8E2F-881B11BB6301}.Release|Any CPU.Build.0 = Release|Any CPU
	EndGlobalSection
	GlobalSection(SolutionProperties) = preSolution
		HideSolutionNode = FALSE
	EndGlobalSection
	GlobalSection(ExtensibilityGlobals) = postSolution
		SolutionGuid = {BB566A8D-D29C-443F-A414-D0ECE5DD35D9}
	EndGlobalSection
EndGlobal
