
Microsoft Visual Studio Solution File, Format Version 12.00
# Visual Studio Version 17
VisualStudioVersion = 17.10.35122.118
MinimumVisualStudioVersion = 10.0.40219.1
Project("{FAE04EC0-301F-11D3-BF4B-00C04F79EFBC}") = "MinimumAddedInteger20240809", "MinimumAddedInteger20240809.csproj", "{E77A48D5-F7CB-43D0-AA52-57150BA7AE73}"
EndProject
Global
	GlobalSection(SolutionConfigurationPlatforms) = preSolution
		Debug|Any CPU = Debug|Any CPU
		Release|Any CPU = Release|Any CPU
	EndGlobalSection
	GlobalSection(ProjectConfigurationPlatforms) = postSolution
		{E77A48D5-F7CB-43D0-AA52-57150BA7AE73}.Debug|Any CPU.ActiveCfg = Debug|Any CPU
		{E77A48D5-F7CB-43D0-AA52-57150BA7AE73}.Debug|Any CPU.Build.0 = Debug|Any CPU
		{E77A48D5-F7CB-43D0-AA52-57150BA7AE73}.Release|Any CPU.ActiveCfg = Release|Any CPU
		{E77A48D5-F7CB-43D0-AA52-57150BA7AE73}.Release|Any CPU.Build.0 = Release|Any CPU
	EndGlobalSection
	GlobalSection(SolutionProperties) = preSolution
		HideSolutionNode = FALSE
	EndGlobalSection
	GlobalSection(ExtensibilityGlobals) = postSolution
		SolutionGuid = {C2A07C13-D253-4397-93D5-F37BFDAA6559}
	EndGlobalSection
EndGlobal
