
Microsoft Visual Studio Solution File, Format Version 12.00
# Visual Studio Version 17
VisualStudioVersion = 17.4.32916.344
MinimumVisualStudioVersion = 10.0.40219.1
Project("{FAE04EC0-301F-11D3-BF4B-00C04F79EFBC}") = "MaxAscendingSum", "MaxAscendingSum\MaxAscendingSum.csproj", "{36A22B5C-2DA9-46EB-B311-A56302A8D0A6}"
EndProject
Global
	GlobalSection(SolutionConfigurationPlatforms) = preSolution
		Debug|Any CPU = Debug|Any CPU
		Release|Any CPU = Release|Any CPU
	EndGlobalSection
	GlobalSection(ProjectConfigurationPlatforms) = postSolution
		{36A22B5C-2DA9-46EB-B311-A56302A8D0A6}.Debug|Any CPU.ActiveCfg = Debug|Any CPU
		{36A22B5C-2DA9-46EB-B311-A56302A8D0A6}.Debug|Any CPU.Build.0 = Debug|Any CPU
		{36A22B5C-2DA9-46EB-B311-A56302A8D0A6}.Release|Any CPU.ActiveCfg = Release|Any CPU
		{36A22B5C-2DA9-46EB-B311-A56302A8D0A6}.Release|Any CPU.Build.0 = Release|Any CPU
	EndGlobalSection
	GlobalSection(SolutionProperties) = preSolution
		HideSolutionNode = FALSE
	EndGlobalSection
	GlobalSection(ExtensibilityGlobals) = postSolution
		SolutionGuid = {DC19EE14-51A1-4318-9344-EDD885D53E2F}
	EndGlobalSection
EndGlobal
