
Microsoft Visual Studio Solution File, Format Version 12.00
# Visual Studio Version 17
VisualStudioVersion = 17.14.36616.10 d17.14
MinimumVisualStudioVersion = 10.0.40219.1
Project("{FAE04EC0-301F-11D3-BF4B-00C04F79EFBC}") = "NextBeautifulNumber20251024", "NextBeautifulNumber20251024.csproj", "{BB8CEB75-5EB4-4746-8F82-50EB4FD331E5}"
EndProject
Global
	GlobalSection(SolutionConfigurationPlatforms) = preSolution
		Debug|Any CPU = Debug|Any CPU
		Release|Any CPU = Release|Any CPU
	EndGlobalSection
	GlobalSection(ProjectConfigurationPlatforms) = postSolution
		{BB8CEB75-5EB4-4746-8F82-50EB4FD331E5}.Debug|Any CPU.ActiveCfg = Debug|Any CPU
		{BB8CEB75-5EB4-4746-8F82-50EB4FD331E5}.Debug|Any CPU.Build.0 = Debug|Any CPU
		{BB8CEB75-5EB4-4746-8F82-50EB4FD331E5}.Release|Any CPU.ActiveCfg = Release|Any CPU
		{BB8CEB75-5EB4-4746-8F82-50EB4FD331E5}.Release|Any CPU.Build.0 = Release|Any CPU
	EndGlobalSection
	GlobalSection(SolutionProperties) = preSolution
		HideSolutionNode = FALSE
	EndGlobalSection
	GlobalSection(ExtensibilityGlobals) = postSolution
		SolutionGuid = {95B4C622-D803-4CBD-9A23-7544BAEA9541}
	EndGlobalSection
EndGlobal
