
Microsoft Visual Studio Solution File, Format Version 12.00
# Visual Studio Version 17
VisualStudioVersion = 17.8.34004.107
MinimumVisualStudioVersion = 10.0.40219.1
Project("{FAE04EC0-301F-11D3-BF4B-00C04F79EFBC}") = "SurvivedRobotsHealths", "SurvivedRobotsHealths.csproj", "{88F84001-D570-4117-A681-8E129913F8B1}"
EndProject
Global
	GlobalSection(SolutionConfigurationPlatforms) = preSolution
		Debug|Any CPU = Debug|Any CPU
		Release|Any CPU = Release|Any CPU
	EndGlobalSection
	GlobalSection(ProjectConfigurationPlatforms) = postSolution
		{88F84001-D570-4117-A681-8E129913F8B1}.Debug|Any CPU.ActiveCfg = Debug|Any CPU
		{88F84001-D570-4117-A681-8E129913F8B1}.Debug|Any CPU.Build.0 = Debug|Any CPU
		{88F84001-D570-4117-A681-8E129913F8B1}.Release|Any CPU.ActiveCfg = Release|Any CPU
		{88F84001-D570-4117-A681-8E129913F8B1}.Release|Any CPU.Build.0 = Release|Any CPU
	EndGlobalSection
	GlobalSection(SolutionProperties) = preSolution
		HideSolutionNode = FALSE
	EndGlobalSection
	GlobalSection(ExtensibilityGlobals) = postSolution
		SolutionGuid = {99D69614-5EB7-4710-83FA-4FF175A9AE2D}
	EndGlobalSection
EndGlobal
