
Microsoft Visual Studio Solution File, Format Version 12.00
# Visual Studio Version 17
VisualStudioVersion = 17.6.33513.286
MinimumVisualStudioVersion = 10.0.40219.1
Project("{FAE04EC0-301F-11D3-BF4B-00C04F79EFBC}") = "StreamChecker", "StreamChecker.csproj", "{C0EEF9AC-C2ED-4EB7-9A83-AA2B5AF11715}"
EndProject
Global
	GlobalSection(SolutionConfigurationPlatforms) = preSolution
		Debug|Any CPU = Debug|Any CPU
		Release|Any CPU = Release|Any CPU
	EndGlobalSection
	GlobalSection(ProjectConfigurationPlatforms) = postSolution
		{C0EEF9AC-C2ED-4EB7-9A83-AA2B5AF11715}.Debug|Any CPU.ActiveCfg = Debug|Any CPU
		{C0EEF9AC-C2ED-4EB7-9A83-AA2B5AF11715}.Debug|Any CPU.Build.0 = Debug|Any CPU
		{C0EEF9AC-C2ED-4EB7-9A83-AA2B5AF11715}.Release|Any CPU.ActiveCfg = Release|Any CPU
		{C0EEF9AC-C2ED-4EB7-9A83-AA2B5AF11715}.Release|Any CPU.Build.0 = Release|Any CPU
	EndGlobalSection
	GlobalSection(SolutionProperties) = preSolution
		HideSolutionNode = FALSE
	EndGlobalSection
	GlobalSection(ExtensibilityGlobals) = postSolution
		SolutionGuid = {60BF9087-52C0-494D-8DE6-3C65E08F8AC9}
	EndGlobalSection
EndGlobal
