
Microsoft Visual Studio Solution File, Format Version 12.00
# Visual Studio Version 17
VisualStudioVersion = 17.13.35931.197 d17.13
MinimumVisualStudioVersion = 10.0.40219.1
Project("{FAE04EC0-301F-11D3-BF4B-00C04F79EFBC}") = "CountBalancedPermutations20250509", "CountBalancedPermutations20250509.csproj", "{66568EDE-3221-40E4-9233-F46CF24C1899}"
EndProject
Global
	GlobalSection(SolutionConfigurationPlatforms) = preSolution
		Debug|Any CPU = Debug|Any CPU
		Release|Any CPU = Release|Any CPU
	EndGlobalSection
	GlobalSection(ProjectConfigurationPlatforms) = postSolution
		{66568EDE-3221-40E4-9233-F46CF24C1899}.Debug|Any CPU.ActiveCfg = Debug|Any CPU
		{66568EDE-3221-40E4-9233-F46CF24C1899}.Debug|Any CPU.Build.0 = Debug|Any CPU
		{66568EDE-3221-40E4-9233-F46CF24C1899}.Release|Any CPU.ActiveCfg = Release|Any CPU
		{66568EDE-3221-40E4-9233-F46CF24C1899}.Release|Any CPU.Build.0 = Release|Any CPU
	EndGlobalSection
	GlobalSection(SolutionProperties) = preSolution
		HideSolutionNode = FALSE
	EndGlobalSection
	GlobalSection(ExtensibilityGlobals) = postSolution
		SolutionGuid = {D51C9A5D-4B37-4133-BED6-3B00B5830E21}
	EndGlobalSection
EndGlobal
