
Microsoft Visual Studio Solution File, Format Version 12.00
# Visual Studio Version 17
VisualStudioVersion = 17.4.33015.44
MinimumVisualStudioVersion = 10.0.40219.1
Project("{FAE04EC0-301F-11D3-BF4B-00C04F79EFBC}") = "MergeAlternately", "MergeAlternately\MergeAlternately.csproj", "{800C5B2E-21C8-4D71-AD14-3B39EEA46E96}"
EndProject
Global
	GlobalSection(SolutionConfigurationPlatforms) = preSolution
		Debug|Any CPU = Debug|Any CPU
		Release|Any CPU = Release|Any CPU
	EndGlobalSection
	GlobalSection(ProjectConfigurationPlatforms) = postSolution
		{800C5B2E-21C8-4D71-AD14-3B39EEA46E96}.Debug|Any CPU.ActiveCfg = Debug|Any CPU
		{800C5B2E-21C8-4D71-AD14-3B39EEA46E96}.Debug|Any CPU.Build.0 = Debug|Any CPU
		{800C5B2E-21C8-4D71-AD14-3B39EEA46E96}.Release|Any CPU.ActiveCfg = Release|Any CPU
		{800C5B2E-21C8-4D71-AD14-3B39EEA46E96}.Release|Any CPU.Build.0 = Release|Any CPU
	EndGlobalSection
	GlobalSection(SolutionProperties) = preSolution
		HideSolutionNode = FALSE
	EndGlobalSection
	GlobalSection(ExtensibilityGlobals) = postSolution
		SolutionGuid = {F718BED8-3975-46B5-BFAE-AB110BF5795A}
	EndGlobalSection
EndGlobal
