
Microsoft Visual Studio Solution File, Format Version 12.00
# Visual Studio Version 17
VisualStudioVersion = 17.11.35312.102
MinimumVisualStudioVersion = 10.0.40219.1
Project("{FAE04EC0-301F-11D3-BF4B-00C04F79EFBC}") = "CountSpecialNumbers", "CountSpecialNumbers.csproj", "{45F48C92-C63A-4F01-91F5-D148D33E4A0C}"
EndProject
Global
	GlobalSection(SolutionConfigurationPlatforms) = preSolution
		Debug|Any CPU = Debug|Any CPU
		Release|Any CPU = Release|Any CPU
	EndGlobalSection
	GlobalSection(ProjectConfigurationPlatforms) = postSolution
		{45F48C92-C63A-4F01-91F5-D148D33E4A0C}.Debug|Any CPU.ActiveCfg = Debug|Any CPU
		{45F48C92-C63A-4F01-91F5-D148D33E4A0C}.Debug|Any CPU.Build.0 = Debug|Any CPU
		{45F48C92-C63A-4F01-91F5-D148D33E4A0C}.Release|Any CPU.ActiveCfg = Release|Any CPU
		{45F48C92-C63A-4F01-91F5-D148D33E4A0C}.Release|Any CPU.Build.0 = Release|Any CPU
	EndGlobalSection
	GlobalSection(SolutionProperties) = preSolution
		HideSolutionNode = FALSE
	EndGlobalSection
	GlobalSection(ExtensibilityGlobals) = postSolution
		SolutionGuid = {37E921B7-0B3A-4A89-AE60-D102D91963E5}
	EndGlobalSection
EndGlobal
