
Microsoft Visual Studio Solution File, Format Version 12.00
# Visual Studio Version 17
VisualStudioVersion = 17.4.32804.182
MinimumVisualStudioVersion = 10.0.40219.1
Project("{FAE04EC0-301F-11D3-BF4B-00C04F79EFBC}") = "GroupThePeople", "GroupThePeople\GroupThePeople.csproj", "{2469F917-F978-4118-BC38-155256078DED}"
EndProject
Global
	GlobalSection(SolutionConfigurationPlatforms) = preSolution
		Debug|Any CPU = Debug|Any CPU
		Release|Any CPU = Release|Any CPU
	EndGlobalSection
	GlobalSection(ProjectConfigurationPlatforms) = postSolution
		{2469F917-F978-4118-BC38-155256078DED}.Debug|Any CPU.ActiveCfg = Debug|Any CPU
		{2469F917-F978-4118-BC38-155256078DED}.Debug|Any CPU.Build.0 = Debug|Any CPU
		{2469F917-F978-4118-BC38-155256078DED}.Release|Any CPU.ActiveCfg = Release|Any CPU
		{2469F917-F978-4118-BC38-155256078DED}.Release|Any CPU.Build.0 = Release|Any CPU
	EndGlobalSection
	GlobalSection(SolutionProperties) = preSolution
		HideSolutionNode = FALSE
	EndGlobalSection
	GlobalSection(ExtensibilityGlobals) = postSolution
		SolutionGuid = {29122365-5A4B-40D9-9E0A-FCFABD63EEEE}
	EndGlobalSection
EndGlobal
