
Microsoft Visual Studio Solution File, Format Version 12.00
# Visual Studio Version 17
VisualStudioVersion = 17.8.34004.107
MinimumVisualStudioVersion = 10.0.40219.1
Project("{FAE04EC0-301F-11D3-BF4B-00C04F79EFBC}") = "MaxSizeSlices", "MaxSizeSlices.csproj", "{FEFB0E54-B9F8-4BD4-BFE3-8C9043170F68}"
EndProject
Global
	GlobalSection(SolutionConfigurationPlatforms) = preSolution
		Debug|Any CPU = Debug|Any CPU
		Release|Any CPU = Release|Any CPU
	EndGlobalSection
	GlobalSection(ProjectConfigurationPlatforms) = postSolution
		{FEFB0E54-B9F8-4BD4-BFE3-8C9043170F68}.Debug|Any CPU.ActiveCfg = Debug|Any CPU
		{FEFB0E54-B9F8-4BD4-BFE3-8C9043170F68}.Debug|Any CPU.Build.0 = Debug|Any CPU
		{FEFB0E54-B9F8-4BD4-BFE3-8C9043170F68}.Release|Any CPU.ActiveCfg = Release|Any CPU
		{FEFB0E54-B9F8-4BD4-BFE3-8C9043170F68}.Release|Any CPU.Build.0 = Release|Any CPU
	EndGlobalSection
	GlobalSection(SolutionProperties) = preSolution
		HideSolutionNode = FALSE
	EndGlobalSection
	GlobalSection(ExtensibilityGlobals) = postSolution
		SolutionGuid = {73EC143C-C976-48E8-9307-02F3E738172F}
	EndGlobalSection
EndGlobal
