
Microsoft Visual Studio Solution File, Format Version 12.00
# Visual Studio Version 17
VisualStudioVersion = 17.3.32825.248
MinimumVisualStudioVersion = 10.0.40219.1
Project("{FAE04EC0-301F-11D3-BF4B-00C04F79EFBC}") = "MaxSlidingWindow", "MaxSlidingWindow\MaxSlidingWindow.csproj", "{26645260-3725-4F75-B833-97EE6BD089E7}"
EndProject
Global
	GlobalSection(SolutionConfigurationPlatforms) = preSolution
		Debug|Any CPU = Debug|Any CPU
		Release|Any CPU = Release|Any CPU
	EndGlobalSection
	GlobalSection(ProjectConfigurationPlatforms) = postSolution
		{26645260-3725-4F75-B833-97EE6BD089E7}.Debug|Any CPU.ActiveCfg = Debug|Any CPU
		{26645260-3725-4F75-B833-97EE6BD089E7}.Debug|Any CPU.Build.0 = Debug|Any CPU
		{26645260-3725-4F75-B833-97EE6BD089E7}.Release|Any CPU.ActiveCfg = Release|Any CPU
		{26645260-3725-4F75-B833-97EE6BD089E7}.Release|Any CPU.Build.0 = Release|Any CPU
	EndGlobalSection
	GlobalSection(SolutionProperties) = preSolution
		HideSolutionNode = FALSE
	EndGlobalSection
	GlobalSection(ExtensibilityGlobals) = postSolution
		SolutionGuid = {81CB68AD-DA48-447C-931E-BC4D156268DE}
	EndGlobalSection
EndGlobal
