
Microsoft Visual Studio Solution File, Format Version 12.00
# Visual Studio Version 17
VisualStudioVersion = 17.3.32804.467
MinimumVisualStudioVersion = 10.0.40219.1
Project("{FAE04EC0-301F-11D3-BF4B-00C04F79EFBC}") = "MaxScore", "MaxScore\MaxScore.csproj", "{DF21C781-10E4-4511-8FE6-2A673FD701DF}"
EndProject
Global
	GlobalSection(SolutionConfigurationPlatforms) = preSolution
		Debug|Any CPU = Debug|Any CPU
		Release|Any CPU = Release|Any CPU
	EndGlobalSection
	GlobalSection(ProjectConfigurationPlatforms) = postSolution
		{DF21C781-10E4-4511-8FE6-2A673FD701DF}.Debug|Any CPU.ActiveCfg = Debug|Any CPU
		{DF21C781-10E4-4511-8FE6-2A673FD701DF}.Debug|Any CPU.Build.0 = Debug|Any CPU
		{DF21C781-10E4-4511-8FE6-2A673FD701DF}.Release|Any CPU.ActiveCfg = Release|Any CPU
		{DF21C781-10E4-4511-8FE6-2A673FD701DF}.Release|Any CPU.Build.0 = Release|Any CPU
	EndGlobalSection
	GlobalSection(SolutionProperties) = preSolution
		HideSolutionNode = FALSE
	EndGlobalSection
	GlobalSection(ExtensibilityGlobals) = postSolution
		SolutionGuid = {33A16C35-2644-4466-9BB9-199BB49648C6}
	EndGlobalSection
EndGlobal
