
Microsoft Visual Studio Solution File, Format Version 12.00
# Visual Studio Version 17
VisualStudioVersion = 17.3.32825.248
MinimumVisualStudioVersion = 10.0.40219.1
Project("{FAE04EC0-301F-11D3-BF4B-00C04F79EFBC}") = "BulbSwitch", "BulbSwitch\BulbSwitch.csproj", "{4484ECB5-07A4-46FF-A169-B17AC07B362F}"
EndProject
Global
	GlobalSection(SolutionConfigurationPlatforms) = preSolution
		Debug|Any CPU = Debug|Any CPU
		Release|Any CPU = Release|Any CPU
	EndGlobalSection
	GlobalSection(ProjectConfigurationPlatforms) = postSolution
		{4484ECB5-07A4-46FF-A169-B17AC07B362F}.Debug|Any CPU.ActiveCfg = Debug|Any CPU
		{4484ECB5-07A4-46FF-A169-B17AC07B362F}.Debug|Any CPU.Build.0 = Debug|Any CPU
		{4484ECB5-07A4-46FF-A169-B17AC07B362F}.Release|Any CPU.ActiveCfg = Release|Any CPU
		{4484ECB5-07A4-46FF-A169-B17AC07B362F}.Release|Any CPU.Build.0 = Release|Any CPU
	EndGlobalSection
	GlobalSection(SolutionProperties) = preSolution
		HideSolutionNode = FALSE
	EndGlobalSection
	GlobalSection(ExtensibilityGlobals) = postSolution
		SolutionGuid = {0EC6BA48-762C-4C1B-A0CC-8AAF38FED99B}
	EndGlobalSection
EndGlobal
