
Microsoft Visual Studio Solution File, Format Version 12.00
# Visual Studio Version 17
VisualStudioVersion = 17.13.36105.23 d17.13
MinimumVisualStudioVersion = 10.0.40219.1
Project("{FAE04EC0-301F-11D3-BF4B-00C04F79EFBC}") = "KthCharacter20250704", "KthCharacter20250704.csproj", "{73BF89B0-2F26-4DD9-A74F-8E622C478FE6}"
EndProject
Global
	GlobalSection(SolutionConfigurationPlatforms) = preSolution
		Debug|Any CPU = Debug|Any CPU
		Release|Any CPU = Release|Any CPU
	EndGlobalSection
	GlobalSection(ProjectConfigurationPlatforms) = postSolution
		{73BF89B0-2F26-4DD9-A74F-8E622C478FE6}.Debug|Any CPU.ActiveCfg = Debug|Any CPU
		{73BF89B0-2F26-4DD9-A74F-8E622C478FE6}.Debug|Any CPU.Build.0 = Debug|Any CPU
		{73BF89B0-2F26-4DD9-A74F-8E622C478FE6}.Release|Any CPU.ActiveCfg = Release|Any CPU
		{73BF89B0-2F26-4DD9-A74F-8E622C478FE6}.Release|Any CPU.Build.0 = Release|Any CPU
	EndGlobalSection
	GlobalSection(SolutionProperties) = preSolution
		HideSolutionNode = FALSE
	EndGlobalSection
	GlobalSection(ExtensibilityGlobals) = postSolution
		SolutionGuid = {4FE09FCF-0113-45B9-AA53-BCA2ED66AF79}
	EndGlobalSection
EndGlobal
