
Microsoft Visual Studio Solution File, Format Version 12.00
# Visual Studio Version 17
VisualStudioVersion = 17.2.32630.192
MinimumVisualStudioVersion = 10.0.40219.1
Project("{FAE04EC0-301F-11D3-BF4B-00C04F79EFBC}") = "MakeLargestSpecial", "MakeLargestSpecial\MakeLargestSpecial.csproj", "{E444A347-33A2-42A1-8C8F-6B28CCC1882F}"
EndProject
Global
	GlobalSection(SolutionConfigurationPlatforms) = preSolution
		Debug|Any CPU = Debug|Any CPU
		Release|Any CPU = Release|Any CPU
	EndGlobalSection
	GlobalSection(ProjectConfigurationPlatforms) = postSolution
		{E444A347-33A2-42A1-8C8F-6B28CCC1882F}.Debug|Any CPU.ActiveCfg = Debug|Any CPU
		{E444A347-33A2-42A1-8C8F-6B28CCC1882F}.Debug|Any CPU.Build.0 = Debug|Any CPU
		{E444A347-33A2-42A1-8C8F-6B28CCC1882F}.Release|Any CPU.ActiveCfg = Release|Any CPU
		{E444A347-33A2-42A1-8C8F-6B28CCC1882F}.Release|Any CPU.Build.0 = Release|Any CPU
	EndGlobalSection
	GlobalSection(SolutionProperties) = preSolution
		HideSolutionNode = FALSE
	EndGlobalSection
	GlobalSection(ExtensibilityGlobals) = postSolution
		SolutionGuid = {924337E2-8046-4B44-AA06-12C050EB8CF8}
	EndGlobalSection
EndGlobal
