
Microsoft Visual Studio Solution File, Format Version 12.00
# Visual Studio Version 17
VisualStudioVersion = 17.3.32825.248
MinimumVisualStudioVersion = 10.0.40219.1
Project("{FAE04EC0-301F-11D3-BF4B-00C04F79EFBC}") = "SearchMatrix", "SearchMatrix\SearchMatrix.csproj", "{7A504871-9371-4EC5-BD17-5D276FF1163B}"
EndProject
Global
	GlobalSection(SolutionConfigurationPlatforms) = preSolution
		Debug|Any CPU = Debug|Any CPU
		Release|Any CPU = Release|Any CPU
	EndGlobalSection
	GlobalSection(ProjectConfigurationPlatforms) = postSolution
		{7A504871-9371-4EC5-BD17-5D276FF1163B}.Debug|Any CPU.ActiveCfg = Debug|Any CPU
		{7A504871-9371-4EC5-BD17-5D276FF1163B}.Debug|Any CPU.Build.0 = Debug|Any CPU
		{7A504871-9371-4EC5-BD17-5D276FF1163B}.Release|Any CPU.ActiveCfg = Release|Any CPU
		{7A504871-9371-4EC5-BD17-5D276FF1163B}.Release|Any CPU.Build.0 = Release|Any CPU
	EndGlobalSection
	GlobalSection(SolutionProperties) = preSolution
		HideSolutionNode = FALSE
	EndGlobalSection
	GlobalSection(ExtensibilityGlobals) = postSolution
		SolutionGuid = {870831A5-53F0-4A71-9748-1AA3403C3D28}
	EndGlobalSection
EndGlobal
