
Microsoft Visual Studio Solution File, Format Version 12.00
# Visual Studio Version 17
VisualStudioVersion = 17.7.34302.85
MinimumVisualStudioVersion = 10.0.40219.1
Project("{FAE04EC0-301F-11D3-BF4B-00C04F79EFBC}") = "MaximumSumQueries", "MaximumSumQueries\MaximumSumQueries.csproj", "{71092E3B-0ACD-4FD0-924E-5E0C94EBEC5A}"
EndProject
Global
	GlobalSection(SolutionConfigurationPlatforms) = preSolution
		Debug|Any CPU = Debug|Any CPU
		Release|Any CPU = Release|Any CPU
	EndGlobalSection
	GlobalSection(ProjectConfigurationPlatforms) = postSolution
		{71092E3B-0ACD-4FD0-924E-5E0C94EBEC5A}.Debug|Any CPU.ActiveCfg = Debug|Any CPU
		{71092E3B-0ACD-4FD0-924E-5E0C94EBEC5A}.Debug|Any CPU.Build.0 = Debug|Any CPU
		{71092E3B-0ACD-4FD0-924E-5E0C94EBEC5A}.Release|Any CPU.ActiveCfg = Release|Any CPU
		{71092E3B-0ACD-4FD0-924E-5E0C94EBEC5A}.Release|Any CPU.Build.0 = Release|Any CPU
	EndGlobalSection
	GlobalSection(SolutionProperties) = preSolution
		HideSolutionNode = FALSE
	EndGlobalSection
	GlobalSection(ExtensibilityGlobals) = postSolution
		SolutionGuid = {E7975861-9604-4E53-BCC5-C820061215E5}
	EndGlobalSection
EndGlobal
