
Microsoft Visual Studio Solution File, Format Version 12.00
# Visual Studio Version 17
VisualStudioVersion = 17.5.33103.201
MinimumVisualStudioVersion = 10.0.40219.1
Project("{FAE04EC0-301F-11D3-BF4B-00C04F79EFBC}") = "LargestSumOfAverages", "LargestSumOfAverages.csproj", "{1541D75A-107C-4092-8A9E-0F81111BFF71}"
EndProject
Global
	GlobalSection(SolutionConfigurationPlatforms) = preSolution
		Debug|Any CPU = Debug|Any CPU
		Release|Any CPU = Release|Any CPU
	EndGlobalSection
	GlobalSection(ProjectConfigurationPlatforms) = postSolution
		{1541D75A-107C-4092-8A9E-0F81111BFF71}.Debug|Any CPU.ActiveCfg = Debug|Any CPU
		{1541D75A-107C-4092-8A9E-0F81111BFF71}.Debug|Any CPU.Build.0 = Debug|Any CPU
		{1541D75A-107C-4092-8A9E-0F81111BFF71}.Release|Any CPU.ActiveCfg = Release|Any CPU
		{1541D75A-107C-4092-8A9E-0F81111BFF71}.Release|Any CPU.Build.0 = Release|Any CPU
	EndGlobalSection
	GlobalSection(SolutionProperties) = preSolution
		HideSolutionNode = FALSE
	EndGlobalSection
	GlobalSection(ExtensibilityGlobals) = postSolution
		SolutionGuid = {54834EDA-F5C0-43E3-B456-13D4BCCAF245}
	EndGlobalSection
EndGlobal
