
Microsoft Visual Studio Solution File, Format Version 12.00
# Visual Studio Version 17
VisualStudioVersion = 17.14.36301.6 d17.14
MinimumVisualStudioVersion = 10.0.40219.1
Project("{FAE04EC0-301F-11D3-BF4B-00C04F79EFBC}") = "CountDays20250711", "CountDays20250711.csproj", "{734610CD-2176-4E0D-B12F-5D0864852E57}"
EndProject
Global
	GlobalSection(SolutionConfigurationPlatforms) = preSolution
		Debug|Any CPU = Debug|Any CPU
		Release|Any CPU = Release|Any CPU
	EndGlobalSection
	GlobalSection(ProjectConfigurationPlatforms) = postSolution
		{734610CD-2176-4E0D-B12F-5D0864852E57}.Debug|Any CPU.ActiveCfg = Debug|Any CPU
		{734610CD-2176-4E0D-B12F-5D0864852E57}.Debug|Any CPU.Build.0 = Debug|Any CPU
		{734610CD-2176-4E0D-B12F-5D0864852E57}.Release|Any CPU.ActiveCfg = Release|Any CPU
		{734610CD-2176-4E0D-B12F-5D0864852E57}.Release|Any CPU.Build.0 = Release|Any CPU
	EndGlobalSection
	GlobalSection(SolutionProperties) = preSolution
		HideSolutionNode = FALSE
	EndGlobalSection
	GlobalSection(ExtensibilityGlobals) = postSolution
		SolutionGuid = {30A62F61-8D04-4754-AD73-4F8622365123}
	EndGlobalSection
EndGlobal
