
Microsoft Visual Studio Solution File, Format Version 12.00
# Visual Studio Version 17
VisualStudioVersion = 17.13.35818.85 d17.13
MinimumVisualStudioVersion = 10.0.40219.1
Project("{FAE04EC0-301F-11D3-BF4B-00C04F79EFBC}") = "MinimumWhiteTiles20250221", "MinimumWhiteTiles20250221.csproj", "{D121A0F5-2CBA-4E1B-A677-0E618E6E912E}"
EndProject
Global
	GlobalSection(SolutionConfigurationPlatforms) = preSolution
		Debug|Any CPU = Debug|Any CPU
		Release|Any CPU = Release|Any CPU
	EndGlobalSection
	GlobalSection(ProjectConfigurationPlatforms) = postSolution
		{D121A0F5-2CBA-4E1B-A677-0E618E6E912E}.Debug|Any CPU.ActiveCfg = Debug|Any CPU
		{D121A0F5-2CBA-4E1B-A677-0E618E6E912E}.Debug|Any CPU.Build.0 = Debug|Any CPU
		{D121A0F5-2CBA-4E1B-A677-0E618E6E912E}.Release|Any CPU.ActiveCfg = Release|Any CPU
		{D121A0F5-2CBA-4E1B-A677-0E618E6E912E}.Release|Any CPU.Build.0 = Release|Any CPU
	EndGlobalSection
	GlobalSection(SolutionProperties) = preSolution
		HideSolutionNode = FALSE
	EndGlobalSection
	GlobalSection(ExtensibilityGlobals) = postSolution
		SolutionGuid = {C1C5BD72-4BDE-4E67-B969-4502A9762141}
	EndGlobalSection
EndGlobal
