
Microsoft Visual Studio Solution File, Format Version 12.00
# Visual Studio Version 17
VisualStudioVersion = 17.3.32825.248
MinimumVisualStudioVersion = 10.0.40219.1
Project("{FAE04EC0-301F-11D3-BF4B-00C04F79EFBC}") = "UniquePaths", "UniquePaths\UniquePaths.csproj", "{4D2714C2-0ACA-434F-A0C8-790429F3531A}"
EndProject
Global
	GlobalSection(SolutionConfigurationPlatforms) = preSolution
		Debug|Any CPU = Debug|Any CPU
		Release|Any CPU = Release|Any CPU
	EndGlobalSection
	GlobalSection(ProjectConfigurationPlatforms) = postSolution
		{4D2714C2-0ACA-434F-A0C8-790429F3531A}.Debug|Any CPU.ActiveCfg = Debug|Any CPU
		{4D2714C2-0ACA-434F-A0C8-790429F3531A}.Debug|Any CPU.Build.0 = Debug|Any CPU
		{4D2714C2-0ACA-434F-A0C8-790429F3531A}.Release|Any CPU.ActiveCfg = Release|Any CPU
		{4D2714C2-0ACA-434F-A0C8-790429F3531A}.Release|Any CPU.Build.0 = Release|Any CPU
	EndGlobalSection
	GlobalSection(SolutionProperties) = preSolution
		HideSolutionNode = FALSE
	EndGlobalSection
	GlobalSection(ExtensibilityGlobals) = postSolution
		SolutionGuid = {7296EE59-7D96-4029-9529-49B0693FA510}
	EndGlobalSection
EndGlobal
