
Microsoft Visual Studio Solution File, Format Version 12.00
# Visual Studio Version 17
VisualStudioVersion = 17.5.33209.295
MinimumVisualStudioVersion = 10.0.40219.1
Project("{FAE04EC0-301F-11D3-BF4B-00C04F79EFBC}") = "ValidPath", "ValidPath.csproj", "{9FCB6D78-B877-4EF5-9AEF-CCE0F9635EED}"
EndProject
Global
	GlobalSection(SolutionConfigurationPlatforms) = preSolution
		Debug|Any CPU = Debug|Any CPU
		Release|Any CPU = Release|Any CPU
	EndGlobalSection
	GlobalSection(ProjectConfigurationPlatforms) = postSolution
		{9FCB6D78-B877-4EF5-9AEF-CCE0F9635EED}.Debug|Any CPU.ActiveCfg = Debug|Any CPU
		{9FCB6D78-B877-4EF5-9AEF-CCE0F9635EED}.Debug|Any CPU.Build.0 = Debug|Any CPU
		{9FCB6D78-B877-4EF5-9AEF-CCE0F9635EED}.Release|Any CPU.ActiveCfg = Release|Any CPU
		{9FCB6D78-B877-4EF5-9AEF-CCE0F9635EED}.Release|Any CPU.Build.0 = Release|Any CPU
	EndGlobalSection
	GlobalSection(SolutionProperties) = preSolution
		HideSolutionNode = FALSE
	EndGlobalSection
	GlobalSection(ExtensibilityGlobals) = postSolution
		SolutionGuid = {FA0FB6A5-EB76-4070-A85D-82F0AA285BFF}
	EndGlobalSection
EndGlobal
